{
  "version": 4,
  "terraform_version": "1.15.6",
  "serial": 97,
  "lineage": "62df8632-9bfc-dcdb-5459-75362c1b4a1d",
  "outputs": {
    "ip_privada_app": {
      "value": "10.0.2.206",
      "type": "string"
    },
    "ip_privada_datos": {
      "value": "10.0.3.150",
      "type": "string"
    },
    "ip_publica_web": {
      "value": "34.200.152.235",
      "type": "string"
    }
  },
  "resources": [
    {
      "mode": "managed",
      "type": "aws_eip",
      "name": "eip_nat",
      "provider": "provider[\"registry.terraform.io/hashicorp/aws\"]",
      "instances": [
        {
          "schema_version": 0,
          "attributes": {
            "address": null,
            "allocation_id": "eipalloc-060fce851a361cfaa",
            "arn": "arn:aws:ec2:us-east-1:137989785867:elastic-ip/eipalloc-060fce851a361cfaa",
            "associate_with_private_ip": null,
            "association_id": "",
            "carrier_ip": "",
            "customer_owned_ip": "",
            "customer_owned_ipv4_pool": "",
            "domain": "vpc",
            "id": "eipalloc-060fce851a361cfaa",
            "instance": "",
            "ipam_pool_id": null,
            "network_border_group": "us-east-1",
            "network_interface": "",
            "private_dns": null,
            "private_ip": "",
            "ptr_record": "",
            "public_dns": "ec2-34-200-100-188.compute-1.amazonaws.com",
            "public_ip": "34.200.100.188",
            "public_ipv4_pool": "amazon",
            "tags": {
              "Name": "eip-nat-gateway"
            },
            "tags_all": {
              "Name": "eip-nat-gateway"
            },
            "timeouts": null,
            "vpc": true
          },
          "sensitive_attributes": [],
          "identity_schema_version": 0,
          "private": "eyJlMmJmYjczMC1lY2FhLTExZTYtOGY4OC0zNDM2M2JjN2M0YzAiOnsiZGVsZXRlIjoxODAwMDAwMDAwMDAsInJlYWQiOjkwMDAwMDAwMDAwMCwidXBkYXRlIjozMDAwMDAwMDAwMDB9fQ=="
        }
      ]
    },
    {
      "mode": "managed",
      "type": "aws_eip",
      "name": "eip_web",
      "provider": "provider[\"registry.terraform.io/hashicorp/aws\"]",
      "instances": [
        {
          "schema_version": 0,
          "attributes": {
            "address": null,
            "allocation_id": "eipalloc-09a3c39d51caed430",
            "arn": "arn:aws:ec2:us-east-1:137989785867:elastic-ip/eipalloc-09a3c39d51caed430",
            "associate_with_private_ip": null,
            "association_id": "eipassoc-0e69ff1703ff94d5b",
            "carrier_ip": "",
            "customer_owned_ip": "",
            "customer_owned_ipv4_pool": "",
            "domain": "vpc",
            "id": "eipalloc-09a3c39d51caed430",
            "instance": "i-07c279b4ed0faa7bb",
            "ipam_pool_id": null,
            "network_border_group": "us-east-1",
            "network_interface": "eni-02e427698cf9ee022",
            "private_dns": "ip-10-0-1-70.ec2.internal",
            "private_ip": "10.0.1.70",
            "ptr_record": "",
            "public_dns": "ec2-34-200-152-235.compute-1.amazonaws.com",
            "public_ip": "34.200.152.235",
            "public_ipv4_pool": "amazon",
            "tags": {
              "Name": "eip-ec2-web"
            },
            "tags_all": {
              "Name": "eip-ec2-web"
            },
            "timeouts": null,
            "vpc": true
          },
          "sensitive_attributes": [],
          "identity_schema_version": 0,
          "private": "eyJlMmJmYjczMC1lY2FhLTExZTYtOGY4OC0zNDM2M2JjN2M0YzAiOnsiZGVsZXRlIjoxODAwMDAwMDAwMDAsInJlYWQiOjkwMDAwMDAwMDAwMCwidXBkYXRlIjozMDAwMDAwMDAwMDB9fQ==",
          "dependencies": [
            "aws_instance.ec2_web",
            "aws_key_pair.key_pair",
            "aws_security_group.sg_web",
            "aws_subnet.subred_web",
            "aws_vpc.vpc_principal",
            "tls_private_key.clave_ssh"
          ]
        }
      ]
    },
    {
      "mode": "managed",
      "type": "aws_instance",
      "name": "ec2_app",
      "provider": "provider[\"registry.terraform.io/hashicorp/aws\"]",
      "instances": [
        {
          "schema_version": 1,
          "attributes": {
            "ami": "ami-00e801948462f718a",
            "arn": "arn:aws:ec2:us-east-1:137989785867:instance/i-0794ebd4907621d22",
            "associate_public_ip_address": false,
            "availability_zone": "us-east-1a",
            "capacity_reservation_specification": [
              {
                "capacity_reservation_preference": "open",
                "capacity_reservation_target": []
              }
            ],
            "cpu_core_count": 1,
            "cpu_options": [
              {
                "amd_sev_snp": "",
                "core_count": 1,
                "threads_per_core": 2
              }
            ],
            "cpu_threads_per_core": 2,
            "credit_specification": [
              {
                "cpu_credits": "unlimited"
              }
            ],
            "disable_api_stop": false,
            "disable_api_termination": false,
            "ebs_block_device": [],
            "ebs_optimized": false,
            "enable_primary_ipv6": null,
            "enclave_options": [
              {
                "enabled": false
              }
            ],
            "ephemeral_block_device": [],
            "get_password_data": false,
            "hibernation": false,
            "host_id": "",
            "host_resource_group_arn": null,
            "iam_instance_profile": "",
            "id": "i-0794ebd4907621d22",
            "instance_initiated_shutdown_behavior": "stop",
            "instance_lifecycle": "",
            "instance_market_options": [],
            "instance_state": "running",
            "instance_type": "t3.micro",
            "ipv6_address_count": 0,
            "ipv6_addresses": [],
            "key_name": "clave-proyecto-academy",
            "launch_template": [],
            "maintenance_options": [
              {
                "auto_recovery": "default"
              }
            ],
            "metadata_options": [
              {
                "http_endpoint": "enabled",
                "http_protocol_ipv6": "disabled",
                "http_put_response_hop_limit": 2,
                "http_tokens": "required",
                "instance_metadata_tags": "disabled"
              }
            ],
            "monitoring": false,
            "network_interface": [],
            "outpost_arn": "",
            "password_data": "",
            "placement_group": "",
            "placement_partition_number": 0,
            "primary_network_interface_id": "eni-097aad5c695b501a1",
            "private_dns": "ip-10-0-2-206.ec2.internal",
            "private_dns_name_options": [
              {
                "enable_resource_name_dns_a_record": false,
                "enable_resource_name_dns_aaaa_record": false,
                "hostname_type": "ip-name"
              }
            ],
            "private_ip": "10.0.2.206",
            "public_dns": "",
            "public_ip": "",
            "root_block_device": [
              {
                "delete_on_termination": true,
                "device_name": "/dev/xvda",
                "encrypted": false,
                "iops": 3000,
                "kms_key_id": "",
                "tags": {},
                "tags_all": {},
                "throughput": 125,
                "volume_id": "vol-0fdae8f667fb280c1",
                "volume_size": 8,
                "volume_type": "gp3"
              }
            ],
            "secondary_private_ips": [],
            "security_groups": [],
            "source_dest_check": true,
            "spot_instance_request_id": "",
            "subnet_id": "subnet-07ae3d39312f147b8",
            "tags": {
              "Name": "ec2-app"
            },
            "tags_all": {
              "Name": "ec2-app"
            },
            "tenancy": "default",
            "timeouts": null,
            "user_data": "6033c3b2b86651dfbe3575d5f7038387225af4f6",
            "user_data_base64": null,
            "user_data_replace_on_change": false,
            "volume_tags": null,
            "vpc_security_group_ids": [
              "sg-06c643ed7bcb4bb6e"
            ]
          },
          "sensitive_attributes": [],
          "identity_schema_version": 0,
          "private": "eyJlMmJmYjczMC1lY2FhLTExZTYtOGY4OC0zNDM2M2JjN2M0YzAiOnsiY3JlYXRlIjo2MDAwMDAwMDAwMDAsImRlbGV0ZSI6MTIwMDAwMDAwMDAwMCwicmVhZCI6OTAwMDAwMDAwMDAwLCJ1cGRhdGUiOjYwMDAwMDAwMDAwMH0sInNjaGVtYV92ZXJzaW9uIjoiMSJ9",
          "dependencies": [
            "aws_key_pair.key_pair",
            "aws_security_group.sg_app",
            "aws_security_group.sg_web",
            "aws_subnet.subred_app",
            "aws_vpc.vpc_principal",
            "tls_private_key.clave_ssh"
          ]
        }
      ]
    },
    {
      "mode": "managed",
      "type": "aws_instance",
      "name": "ec2_datos",
      "provider": "provider[\"registry.terraform.io/hashicorp/aws\"]",
      "instances": [
        {
          "schema_version": 1,
          "attributes": {
            "ami": "ami-00e801948462f718a",
            "arn": "arn:aws:ec2:us-east-1:137989785867:instance/i-0ec688e1ad3d76500",
            "associate_public_ip_address": false,
            "availability_zone": "us-east-1a",
            "capacity_reservation_specification": [
              {
                "capacity_reservation_preference": "open",
                "capacity_reservation_target": []
              }
            ],
            "cpu_core_count": 1,
            "cpu_options": [
              {
                "amd_sev_snp": "",
                "core_count": 1,
                "threads_per_core": 2
              }
            ],
            "cpu_threads_per_core": 2,
            "credit_specification": [
              {
                "cpu_credits": "unlimited"
              }
            ],
            "disable_api_stop": false,
            "disable_api_termination": false,
            "ebs_block_device": [],
            "ebs_optimized": false,
            "enable_primary_ipv6": null,
            "enclave_options": [
              {
                "enabled": false
              }
            ],
            "ephemeral_block_device": [],
            "get_password_data": false,
            "hibernation": false,
            "host_id": "",
            "host_resource_group_arn": null,
            "iam_instance_profile": "",
            "id": "i-0ec688e1ad3d76500",
            "instance_initiated_shutdown_behavior": "stop",
            "instance_lifecycle": "",
            "instance_market_options": [],
            "instance_state": "running",
            "instance_type": "t3.micro",
            "ipv6_address_count": 0,
            "ipv6_addresses": [],
            "key_name": "clave-proyecto-academy",
            "launch_template": [],
            "maintenance_options": [
              {
                "auto_recovery": "default"
              }
            ],
            "metadata_options": [
              {
                "http_endpoint": "enabled",
                "http_protocol_ipv6": "disabled",
                "http_put_response_hop_limit": 2,
                "http_tokens": "required",
                "instance_metadata_tags": "disabled"
              }
            ],
            "monitoring": false,
            "network_interface": [],
            "outpost_arn": "",
            "password_data": "",
            "placement_group": "",
            "placement_partition_number": 0,
            "primary_network_interface_id": "eni-08d8ece5aebb12c5a",
            "private_dns": "ip-10-0-3-150.ec2.internal",
            "private_dns_name_options": [
              {
                "enable_resource_name_dns_a_record": false,
                "enable_resource_name_dns_aaaa_record": false,
                "hostname_type": "ip-name"
              }
            ],
            "private_ip": "10.0.3.150",
            "public_dns": "",
            "public_ip": "",
            "root_block_device": [
              {
                "delete_on_termination": true,
                "device_name": "/dev/xvda",
                "encrypted": false,
                "iops": 3000,
                "kms_key_id": "",
                "tags": {},
                "tags_all": {},
                "throughput": 125,
                "volume_id": "vol-0dc8f2a3d9ac2cde0",
                "volume_size": 8,
                "volume_type": "gp3"
              }
            ],
            "secondary_private_ips": [],
            "security_groups": [],
            "source_dest_check": true,
            "spot_instance_request_id": "",
            "subnet_id": "subnet-01b38475c503612f4",
            "tags": {
              "Name": "ec2-datos"
            },
            "tags_all": {
              "Name": "ec2-datos"
            },
            "tenancy": "default",
            "timeouts": null,
            "user_data": "6033c3b2b86651dfbe3575d5f7038387225af4f6",
            "user_data_base64": null,
            "user_data_replace_on_change": false,
            "volume_tags": null,
            "vpc_security_group_ids": [
              "sg-0431429a45cfe5225"
            ]
          },
          "sensitive_attributes": [],
          "identity_schema_version": 0,
          "private": "eyJlMmJmYjczMC1lY2FhLTExZTYtOGY4OC0zNDM2M2JjN2M0YzAiOnsiY3JlYXRlIjo2MDAwMDAwMDAwMDAsImRlbGV0ZSI6MTIwMDAwMDAwMDAwMCwicmVhZCI6OTAwMDAwMDAwMDAwLCJ1cGRhdGUiOjYwMDAwMDAwMDAwMH0sInNjaGVtYV92ZXJzaW9uIjoiMSJ9",
          "dependencies": [
            "aws_key_pair.key_pair",
            "aws_security_group.sg_app",
            "aws_security_group.sg_datos",
            "aws_security_group.sg_web",
            "aws_subnet.subred_datos",
            "aws_vpc.vpc_principal",
            "tls_private_key.clave_ssh"
          ]
        }
      ]
    },
    {
      "mode": "managed",
      "type": "aws_instance",
      "name": "ec2_web",
      "provider": "provider[\"registry.terraform.io/hashicorp/aws\"]",
      "instances": [
        {
          "schema_version": 1,
          "attributes": {
            "ami": "ami-00e801948462f718a",
            "arn": "arn:aws:ec2:us-east-1:137989785867:instance/i-07c279b4ed0faa7bb",
            "associate_public_ip_address": true,
            "availability_zone": "us-east-1a",
            "capacity_reservation_specification": [
              {
                "capacity_reservation_preference": "open",
                "capacity_reservation_target": []
              }
            ],
            "cpu_core_count": 1,
            "cpu_options": [
              {
                "amd_sev_snp": "",
                "core_count": 1,
                "threads_per_core": 2
              }
            ],
            "cpu_threads_per_core": 2,
            "credit_specification": [
              {
                "cpu_credits": "unlimited"
              }
            ],
            "disable_api_stop": false,
            "disable_api_termination": false,
            "ebs_block_device": [],
            "ebs_optimized": false,
            "enable_primary_ipv6": null,
            "enclave_options": [
              {
                "enabled": false
              }
            ],
            "ephemeral_block_device": [],
            "get_password_data": false,
            "hibernation": false,
            "host_id": "",
            "host_resource_group_arn": null,
            "iam_instance_profile": "",
            "id": "i-07c279b4ed0faa7bb",
            "instance_initiated_shutdown_behavior": "stop",
            "instance_lifecycle": "",
            "instance_market_options": [],
            "instance_state": "running",
            "instance_type": "t3.micro",
            "ipv6_address_count": 0,
            "ipv6_addresses": [],
            "key_name": "clave-proyecto-academy",
            "launch_template": [],
            "maintenance_options": [
              {
                "auto_recovery": "default"
              }
            ],
            "metadata_options": [
              {
                "http_endpoint": "enabled",
                "http_protocol_ipv6": "disabled",
                "http_put_response_hop_limit": 2,
                "http_tokens": "required",
                "instance_metadata_tags": "disabled"
              }
            ],
            "monitoring": false,
            "network_interface": [],
            "outpost_arn": "",
            "password_data": "",
            "placement_group": "",
            "placement_partition_number": 0,
            "primary_network_interface_id": "eni-02e427698cf9ee022",
            "private_dns": "ip-10-0-1-70.ec2.internal",
            "private_dns_name_options": [
              {
                "enable_resource_name_dns_a_record": false,
                "enable_resource_name_dns_aaaa_record": false,
                "hostname_type": "ip-name"
              }
            ],
            "private_ip": "10.0.1.70",
            "public_dns": "ec2-52-54-93-5.compute-1.amazonaws.com",
            "public_ip": "52.54.93.5",
            "root_block_device": [
              {
                "delete_on_termination": true,
                "device_name": "/dev/xvda",
                "encrypted": false,
                "iops": 3000,
                "kms_key_id": "",
                "tags": {},
                "tags_all": {},
                "throughput": 125,
                "volume_id": "vol-0ea42909585c0d5cb",
                "volume_size": 8,
                "volume_type": "gp3"
              }
            ],
            "secondary_private_ips": [],
            "security_groups": [],
            "source_dest_check": true,
            "spot_instance_request_id": "",
            "subnet_id": "subnet-03f2180b7f45d9138",
            "tags": {
              "Name": "ec2-web"
            },
            "tags_all": {
              "Name": "ec2-web"
            },
            "tenancy": "default",
            "timeouts": null,
            "user_data": "6033c3b2b86651dfbe3575d5f7038387225af4f6",
            "user_data_base64": null,
            "user_data_replace_on_change": false,
            "volume_tags": null,
            "vpc_security_group_ids": [
              "sg-0b9c8ff5b7b66e137"
            ]
          },
          "sensitive_attributes": [],
          "identity_schema_version": 0,
          "private": "eyJlMmJmYjczMC1lY2FhLTExZTYtOGY4OC0zNDM2M2JjN2M0YzAiOnsiY3JlYXRlIjo2MDAwMDAwMDAwMDAsImRlbGV0ZSI6MTIwMDAwMDAwMDAwMCwicmVhZCI6OTAwMDAwMDAwMDAwLCJ1cGRhdGUiOjYwMDAwMDAwMDAwMH0sInNjaGVtYV92ZXJzaW9uIjoiMSJ9",
          "dependencies": [
            "aws_key_pair.key_pair",
            "aws_security_group.sg_web",
            "aws_subnet.subred_web",
            "aws_vpc.vpc_principal",
            "tls_private_key.clave_ssh"
          ]
        }
      ]
    },
    {
      "mode": "managed",
      "type": "aws_internet_gateway",
      "name": "igw",
      "provider": "provider[\"registry.terraform.io/hashicorp/aws\"]",
      "instances": [
        {
          "schema_version": 0,
          "attributes": {
            "arn": "arn:aws:ec2:us-east-1:137989785867:internet-gateway/igw-065638c04831985b7",
            "id": "igw-065638c04831985b7",
            "owner_id": "137989785867",
            "tags": {
              "Name": "igw-curso"
            },
            "tags_all": {
              "Name": "igw-curso"
            },
            "timeouts": null,
            "vpc_id": "vpc-0b37573e559122c9d"
          },
          "sensitive_attributes": [],
          "identity_schema_version": 0,
          "private": "eyJlMmJmYjczMC1lY2FhLTExZTYtOGY4OC0zNDM2M2JjN2M0YzAiOnsiY3JlYXRlIjoxMjAwMDAwMDAwMDAwLCJkZWxldGUiOjEyMDAwMDAwMDAwMDAsInVwZGF0ZSI6MTIwMDAwMDAwMDAwMH19",
          "dependencies": [
            "aws_vpc.vpc_principal"
          ]
        }
      ]
    },
    {
      "mode": "managed",
      "type": "aws_key_pair",
      "name": "key_pair",
      "provider": "provider[\"registry.terraform.io/hashicorp/aws\"]",
      "instances": [
        {
          "schema_version": 1,
          "attributes": {
            "arn": "arn:aws:ec2:us-east-1:137989785867:key-pair/clave-proyecto-academy",
            "fingerprint": "b0:3f:c9:c5:c9:ef:bf:13:6d:75:42:41:81:37:df:20",
            "id": "clave-proyecto-academy",
            "key_name": "clave-proyecto-academy",
            "key_name_prefix": "",
            "key_pair_id": "key-0e7845c11a9a1a54f",
            "key_type": "rsa",
            "public_key": "ssh-rsa AAAAB3NzaC1yc2EAAAADAQABAAACAQDAxnjDRGTh/UBxcrbdGvtw9rIqceuZngRiQBLDoyraXdlB1xeIVgmihhivH+B4Y8byPeio05tX0IcA6+ysrYDG+d3+U+/1C/S4YVJ4Ko2IfVly5ZHpxyymcLNNsAscJO2VkeK2wSEBjN7UGim93W01rXkYwRRDHKGQMAW1OwF9E8vu4S39fi3A6qnR8r1onFYBRoS25bzXS6VEs7Zez0GC33lPAsGDmGBg/sJnmzHa+mY4AMJUwK1pN37MiB7MVp2y8EtapBCxs4mCVmRnlPUvW6FPC2tzBDxFfIss8flA4JJ0AwuP5KAu+C6r3ghc75wQkI8bE60nUbYhOomkHgMgHQP2DF+hXw0kK55S2jG8K6x8WEP5B+0XEvhfBp+beXwtFiL4DR+evWO5SGjjo6FpA6jvABAfA61iYvg4bGFH5/BA+GEX1m3kP6FaTLNqe8LnfmVrWNit/f0S+JDfYmQ+qnmfF60zEwZ+blhsveWsEz5BXf2UG927qj6RE9cA+Yd9pA6XZR60zmJe/0fbAb418lza9po7MABamz2GIi/HoM8WGYlA19/LADVgWVrJ5E3Q0ow2kNCxu1o24Amqnaqiw5Ahjn7AL5eWvbVc37SNkXXfADO6xJ+SS6BTL3gHeJw03cCOUSQUxmboQoDCrl0DrBBtUtln9EwvFKIdHvkGqw==",
            "tags": null,
            "tags_all": {}
          },
          "sensitive_attributes": [],
          "identity_schema_version": 0,
          "private": "eyJzY2hlbWFfdmVyc2lvbiI6IjEifQ==",
          "dependencies": [
            "tls_private_key.clave_ssh"
          ]
        }
      ]
    },
    {
      "mode": "managed",
      "type": "aws_nat_gateway",
      "name": "nat_gw",
      "provider": "provider[\"registry.terraform.io/hashicorp/aws\"]",
      "instances": [
        {
          "schema_version": 0,
          "attributes": {
            "allocation_id": "eipalloc-060fce851a361cfaa",
            "association_id": "eipassoc-0c91dc3592a49222f",
            "connectivity_type": "public",
            "id": "nat-03c62b08d60b97eee",
            "network_interface_id": "eni-0505153f364459afa",
            "private_ip": "10.0.1.161",
            "public_ip": "34.200.100.188",
            "secondary_allocation_ids": null,
            "secondary_private_ip_address_count": 0,
            "secondary_private_ip_addresses": [],
            "subnet_id": "subnet-03f2180b7f45d9138",
            "tags": {
              "Name": "nat-gateway-curso"
            },
            "tags_all": {
              "Name": "nat-gateway-curso"
            },
            "timeouts": null
          },
          "sensitive_attributes": [],
          "identity_schema_version": 0,
          "private": "eyJlMmJmYjczMC1lY2FhLTExZTYtOGY4OC0zNDM2M2JjN2M0YzAiOnsiY3JlYXRlIjo2MDAwMDAwMDAwMDAsImRlbGV0ZSI6MTgwMDAwMDAwMDAwMCwidXBkYXRlIjo2MDAwMDAwMDAwMDB9fQ==",
          "dependencies": [
            "aws_eip.eip_nat",
            "aws_internet_gateway.igw",
            "aws_subnet.subred_web",
            "aws_vpc.vpc_principal"
          ]
        }
      ]
    },
    {
      "mode": "managed",
      "type": "aws_route_table",
      "name": "rt_privada",
      "provider": "provider[\"registry.terraform.io/hashicorp/aws\"]",
      "instances": [
        {
          "schema_version": 0,
          "attributes": {
            "arn": "arn:aws:ec2:us-east-1:137989785867:route-table/rtb-01178f36c71943461",
            "id": "rtb-01178f36c71943461",
            "owner_id": "137989785867",
            "propagating_vgws": [],
            "route": [
              {
                "carrier_gateway_id": "",
                "cidr_block": "0.0.0.0/0",
                "core_network_arn": "",
                "destination_prefix_list_id": "",
                "egress_only_gateway_id": "",
                "gateway_id": "",
                "ipv6_cidr_block": "",
                "local_gateway_id": "",
                "nat_gateway_id": "nat-03c62b08d60b97eee",
                "network_interface_id": "",
                "transit_gateway_id": "",
                "vpc_endpoint_id": "",
                "vpc_peering_connection_id": ""
              }
            ],
            "tags": {
              "Name": "rt-privada"
            },
            "tags_all": {
              "Name": "rt-privada"
            },
            "timeouts": null,
            "vpc_id": "vpc-0b37573e559122c9d"
          },
          "sensitive_attributes": [],
          "identity_schema_version": 0,
          "private": "eyJlMmJmYjczMC1lY2FhLTExZTYtOGY4OC0zNDM2M2JjN2M0YzAiOnsiY3JlYXRlIjozMDAwMDAwMDAwMDAsImRlbGV0ZSI6MzAwMDAwMDAwMDAwLCJ1cGRhdGUiOjEyMDAwMDAwMDAwMH19",
          "dependencies": [
            "aws_eip.eip_nat",
            "aws_internet_gateway.igw",
            "aws_nat_gateway.nat_gw",
            "aws_subnet.subred_web",
            "aws_vpc.vpc_principal"
          ]
        }
      ]
    },
    {
      "mode": "managed",
      "type": "aws_route_table",
      "name": "rt_publica",
      "provider": "provider[\"registry.terraform.io/hashicorp/aws\"]",
      "instances": [
        {
          "schema_version": 0,
          "attributes": {
            "arn": "arn:aws:ec2:us-east-1:137989785867:route-table/rtb-0bf14fd1ab2addf23",
            "id": "rtb-0bf14fd1ab2addf23",
            "owner_id": "137989785867",
            "propagating_vgws": [],
            "route": [
              {
                "carrier_gateway_id": "",
                "cidr_block": "0.0.0.0/0",
                "core_network_arn": "",
                "destination_prefix_list_id": "",
                "egress_only_gateway_id": "",
                "gateway_id": "igw-065638c04831985b7",
                "ipv6_cidr_block": "",
                "local_gateway_id": "",
                "nat_gateway_id": "",
                "network_interface_id": "",
                "transit_gateway_id": "",
                "vpc_endpoint_id": "",
                "vpc_peering_connection_id": ""
              }
            ],
            "tags": {
              "Name": "rt-publica"
            },
            "tags_all": {
              "Name": "rt-publica"
            },
            "timeouts": null,
            "vpc_id": "vpc-0b37573e559122c9d"
          },
          "sensitive_attributes": [],
          "identity_schema_version": 0,
          "private": "eyJlMmJmYjczMC1lY2FhLTExZTYtOGY4OC0zNDM2M2JjN2M0YzAiOnsiY3JlYXRlIjozMDAwMDAwMDAwMDAsImRlbGV0ZSI6MzAwMDAwMDAwMDAwLCJ1cGRhdGUiOjEyMDAwMDAwMDAwMH19",
          "dependencies": [
            "aws_internet_gateway.igw",
            "aws_vpc.vpc_principal"
          ]
        }
      ]
    },
    {
      "mode": "managed",
      "type": "aws_route_table_association",
      "name": "app_assoc",
      "provider": "provider[\"registry.terraform.io/hashicorp/aws\"]",
      "instances": [
        {
          "schema_version": 0,
          "attributes": {
            "gateway_id": "",
            "id": "rtbassoc-0e60c9bb1e4805a69",
            "route_table_id": "rtb-01178f36c71943461",
            "subnet_id": "subnet-07ae3d39312f147b8",
            "timeouts": null
          },
          "sensitive_attributes": [],
          "identity_schema_version": 0,
          "private": "eyJlMmJmYjczMC1lY2FhLTExZTYtOGY4OC0zNDM2M2JjN2M0YzAiOnsiY3JlYXRlIjozMDAwMDAwMDAwMDAsImRlbGV0ZSI6MzAwMDAwMDAwMDAwLCJ1cGRhdGUiOjEyMDAwMDAwMDAwMH19",
          "dependencies": [
            "aws_eip.eip_nat",
            "aws_internet_gateway.igw",
            "aws_nat_gateway.nat_gw",
            "aws_route_table.rt_privada",
            "aws_subnet.subred_app",
            "aws_subnet.subred_web",
            "aws_vpc.vpc_principal"
          ]
        }
      ]
    },
    {
      "mode": "managed",
      "type": "aws_route_table_association",
      "name": "datos_assoc",
      "provider": "provider[\"registry.terraform.io/hashicorp/aws\"]",
      "instances": [
        {
          "schema_version": 0,
          "attributes": {
            "gateway_id": "",
            "id": "rtbassoc-0b3ba636142f5d967",
            "route_table_id": "rtb-01178f36c71943461",
            "subnet_id": "subnet-01b38475c503612f4",
            "timeouts": null
          },
          "sensitive_attributes": [],
          "identity_schema_version": 0,
          "private": "eyJlMmJmYjczMC1lY2FhLTExZTYtOGY4OC0zNDM2M2JjN2M0YzAiOnsiY3JlYXRlIjozMDAwMDAwMDAwMDAsImRlbGV0ZSI6MzAwMDAwMDAwMDAwLCJ1cGRhdGUiOjEyMDAwMDAwMDAwMH19",
          "dependencies": [
            "aws_eip.eip_nat",
            "aws_internet_gateway.igw",
            "aws_nat_gateway.nat_gw",
            "aws_route_table.rt_privada",
            "aws_subnet.subred_datos",
            "aws_subnet.subred_web",
            "aws_vpc.vpc_principal"
          ]
        }
      ]
    },
    {
      "mode": "managed",
      "type": "aws_route_table_association",
      "name": "web_assoc",
      "provider": "provider[\"registry.terraform.io/hashicorp/aws\"]",
      "instances": [
        {
          "schema_version": 0,
          "attributes": {
            "gateway_id": "",
            "id": "rtbassoc-0deac68ad982b82fc",
            "route_table_id": "rtb-0bf14fd1ab2addf23",
            "subnet_id": "subnet-03f2180b7f45d9138",
            "timeouts": null
          },
          "sensitive_attributes": [],
          "identity_schema_version": 0,
          "private": "eyJlMmJmYjczMC1lY2FhLTExZTYtOGY4OC0zNDM2M2JjN2M0YzAiOnsiY3JlYXRlIjozMDAwMDAwMDAwMDAsImRlbGV0ZSI6MzAwMDAwMDAwMDAwLCJ1cGRhdGUiOjEyMDAwMDAwMDAwMH19",
          "dependencies": [
            "aws_internet_gateway.igw",
            "aws_route_table.rt_publica",
            "aws_subnet.subred_web",
            "aws_vpc.vpc_principal"
          ]
        }
      ]
    },
    {
      "mode": "managed",
      "type": "aws_security_group",
      "name": "sg_app",
      "provider": "provider[\"registry.terraform.io/hashicorp/aws\"]",
      "instances": [
        {
          "schema_version": 1,
          "attributes": {
            "arn": "arn:aws:ec2:us-east-1:137989785867:security-group/sg-06c643ed7bcb4bb6e",
            "description": "Permite trafico desde la capa web",
            "egress": [
              {
                "cidr_blocks": [
                  "0.0.0.0/0"
                ],
                "description": "",
                "from_port": 0,
                "ipv6_cidr_blocks": [],
                "prefix_list_ids": [],
                "protocol": "-1",
                "security_groups": [],
                "self": false,
                "to_port": 0
              }
            ],
            "id": "sg-06c643ed7bcb4bb6e",
            "ingress": [
              {
                "cidr_blocks": [],
                "description": "",
                "from_port": -1,
                "ipv6_cidr_blocks": [],
                "prefix_list_ids": [],
                "protocol": "icmp",
                "security_groups": [
                  "sg-0b9c8ff5b7b66e137"
                ],
                "self": false,
                "to_port": -1
              },
              {
                "cidr_blocks": [],
                "description": "",
                "from_port": 22,
                "ipv6_cidr_blocks": [],
                "prefix_list_ids": [],
                "protocol": "tcp",
                "security_groups": [
                  "sg-0b9c8ff5b7b66e137"
                ],
                "self": false,
                "to_port": 22
              },
              {
                "cidr_blocks": [],
                "description": "",
                "from_port": 8080,
                "ipv6_cidr_blocks": [],
                "prefix_list_ids": [],
                "protocol": "tcp",
                "security_groups": [
                  "sg-0b9c8ff5b7b66e137"
                ],
                "self": false,
                "to_port": 8080
              },
              {
                "cidr_blocks": [],
                "description": "",
                "from_port": 8081,
                "ipv6_cidr_blocks": [],
                "prefix_list_ids": [],
                "protocol": "tcp",
                "security_groups": [
                  "sg-0b9c8ff5b7b66e137"
                ],
                "self": false,
                "to_port": 8081
              }
            ],
            "name": "sg_capa_app",
            "name_prefix": "",
            "owner_id": "137989785867",
            "revoke_rules_on_delete": false,
            "tags": null,
            "tags_all": {},
            "timeouts": null,
            "vpc_id": "vpc-0b37573e559122c9d"
          },
          "sensitive_attributes": [],
          "identity_schema_version": 0,
          "private": "eyJlMmJmYjczMC1lY2FhLTExZTYtOGY4OC0zNDM2M2JjN2M0YzAiOnsiY3JlYXRlIjo2MDAwMDAwMDAwMDAsImRlbGV0ZSI6OTAwMDAwMDAwMDAwfSwic2NoZW1hX3ZlcnNpb24iOiIxIn0=",
          "dependencies": [
            "aws_security_group.sg_web",
            "aws_vpc.vpc_principal"
          ]
        }
      ]
    },
    {
      "mode": "managed",
      "type": "aws_security_group",
      "name": "sg_datos",
      "provider": "provider[\"registry.terraform.io/hashicorp/aws\"]",
      "instances": [
        {
          "schema_version": 1,
          "attributes": {
            "arn": "arn:aws:ec2:us-east-1:137989785867:security-group/sg-0431429a45cfe5225",
            "description": "Permite trafico de base de datos desde la capa app",
            "egress": [
              {
                "cidr_blocks": [
                  "0.0.0.0/0"
                ],
                "description": "",
                "from_port": 0,
                "ipv6_cidr_blocks": [],
                "prefix_list_ids": [],
                "protocol": "-1",
                "security_groups": [],
                "self": false,
                "to_port": 0
              }
            ],
            "id": "sg-0431429a45cfe5225",
            "ingress": [
              {
                "cidr_blocks": [],
                "description": "",
                "from_port": -1,
                "ipv6_cidr_blocks": [],
                "prefix_list_ids": [],
                "protocol": "icmp",
                "security_groups": [
                  "sg-06c643ed7bcb4bb6e"
                ],
                "self": false,
                "to_port": -1
              },
              {
                "cidr_blocks": [],
                "description": "",
                "from_port": 22,
                "ipv6_cidr_blocks": [],
                "prefix_list_ids": [],
                "protocol": "tcp",
                "security_groups": [
                  "sg-0b9c8ff5b7b66e137"
                ],
                "self": false,
                "to_port": 22
              },
              {
                "cidr_blocks": [],
                "description": "",
                "from_port": 3306,
                "ipv6_cidr_blocks": [],
                "prefix_list_ids": [],
                "protocol": "tcp",
                "security_groups": [
                  "sg-06c643ed7bcb4bb6e"
                ],
                "self": false,
                "to_port": 3306
              }
            ],
            "name": "sg_capa_datos",
            "name_prefix": "",
            "owner_id": "137989785867",
            "revoke_rules_on_delete": false,
            "tags": null,
            "tags_all": {},
            "timeouts": null,
            "vpc_id": "vpc-0b37573e559122c9d"
          },
          "sensitive_attributes": [],
          "identity_schema_version": 0,
          "private": "eyJlMmJmYjczMC1lY2FhLTExZTYtOGY4OC0zNDM2M2JjN2M0YzAiOnsiY3JlYXRlIjo2MDAwMDAwMDAwMDAsImRlbGV0ZSI6OTAwMDAwMDAwMDAwfSwic2NoZW1hX3ZlcnNpb24iOiIxIn0=",
          "dependencies": [
            "aws_security_group.sg_app",
            "aws_security_group.sg_web",
            "aws_vpc.vpc_principal"
          ]
        }
      ]
    },
    {
      "mode": "managed",
      "type": "aws_security_group",
      "name": "sg_web",
      "provider": "provider[\"registry.terraform.io/hashicorp/aws\"]",
      "instances": [
        {
          "schema_version": 1,
          "attributes": {
            "arn": "arn:aws:ec2:us-east-1:137989785867:security-group/sg-0b9c8ff5b7b66e137",
            "description": "Permite trafico web hacia las instancias ec2",
            "egress": [
              {
                "cidr_blocks": [
                  "0.0.0.0/0"
                ],
                "description": "",
                "from_port": 0,
                "ipv6_cidr_blocks": [],
                "prefix_list_ids": [],
                "protocol": "-1",
                "security_groups": [],
                "self": false,
                "to_port": 0
              }
            ],
            "id": "sg-0b9c8ff5b7b66e137",
            "ingress": [
              {
                "cidr_blocks": [
                  "0.0.0.0/0"
                ],
                "description": "",
                "from_port": 22,
                "ipv6_cidr_blocks": [],
                "prefix_list_ids": [],
                "protocol": "tcp",
                "security_groups": [],
                "self": false,
                "to_port": 22
              },
              {
                "cidr_blocks": [
                  "0.0.0.0/0"
                ],
                "description": "",
                "from_port": 443,
                "ipv6_cidr_blocks": [],
                "prefix_list_ids": [],
                "protocol": "tcp",
                "security_groups": [],
                "self": false,
                "to_port": 443
              },
              {
                "cidr_blocks": [
                  "0.0.0.0/0"
                ],
                "description": "",
                "from_port": 8080,
                "ipv6_cidr_blocks": [],
                "prefix_list_ids": [],
                "protocol": "tcp",
                "security_groups": [],
                "self": false,
                "to_port": 8080
              },
              {
                "cidr_blocks": [
                  "0.0.0.0/0"
                ],
                "description": "",
                "from_port": 8081,
                "ipv6_cidr_blocks": [],
                "prefix_list_ids": [],
                "protocol": "tcp",
                "security_groups": [],
                "self": false,
                "to_port": 8081
              },
              {
                "cidr_blocks": [
                  "0.0.0.0/0"
                ],
                "description": "",
                "from_port": 80,
                "ipv6_cidr_blocks": [],
                "prefix_list_ids": [],
                "protocol": "tcp",
                "security_groups": [],
                "self": false,
                "to_port": 80
              }
            ],
            "name": "sg_capa_web",
            "name_prefix": "",
            "owner_id": "137989785867",
            "revoke_rules_on_delete": false,
            "tags": null,
            "tags_all": {},
            "timeouts": null,
            "vpc_id": "vpc-0b37573e559122c9d"
          },
          "sensitive_attributes": [],
          "identity_schema_version": 0,
          "private": "eyJlMmJmYjczMC1lY2FhLTExZTYtOGY4OC0zNDM2M2JjN2M0YzAiOnsiY3JlYXRlIjo2MDAwMDAwMDAwMDAsImRlbGV0ZSI6OTAwMDAwMDAwMDAwfSwic2NoZW1hX3ZlcnNpb24iOiIxIn0=",
          "dependencies": [
            "aws_vpc.vpc_principal"
          ]
        }
      ]
    },
    {
      "mode": "managed",
      "type": "aws_subnet",
      "name": "subred_app",
      "provider": "provider[\"registry.terraform.io/hashicorp/aws\"]",
      "instances": [
        {
          "schema_version": 1,
          "attributes": {
            "arn": "arn:aws:ec2:us-east-1:137989785867:subnet/subnet-07ae3d39312f147b8",
            "assign_ipv6_address_on_creation": false,
            "availability_zone": "us-east-1a",
            "availability_zone_id": "use1-az4",
            "cidr_block": "10.0.2.0/24",
            "customer_owned_ipv4_pool": "",
            "enable_dns64": false,
            "enable_lni_at_device_index": 0,
            "enable_resource_name_dns_a_record_on_launch": false,
            "enable_resource_name_dns_aaaa_record_on_launch": false,
            "id": "subnet-07ae3d39312f147b8",
            "ipv6_cidr_block": "",
            "ipv6_cidr_block_association_id": "",
            "ipv6_native": false,
            "map_customer_owned_ip_on_launch": false,
            "map_public_ip_on_launch": false,
            "outpost_arn": "",
            "owner_id": "137989785867",
            "private_dns_hostname_type_on_launch": "ip-name",
            "tags": {
              "Name": "subred-privada-app"
            },
            "tags_all": {
              "Name": "subred-privada-app"
            },
            "timeouts": null,
            "vpc_id": "vpc-0b37573e559122c9d"
          },
          "sensitive_attributes": [],
          "identity_schema_version": 0,
          "private": "eyJlMmJmYjczMC1lY2FhLTExZTYtOGY4OC0zNDM2M2JjN2M0YzAiOnsiY3JlYXRlIjo2MDAwMDAwMDAwMDAsImRlbGV0ZSI6MTIwMDAwMDAwMDAwMH0sInNjaGVtYV92ZXJzaW9uIjoiMSJ9",
          "dependencies": [
            "aws_vpc.vpc_principal"
          ]
        }
      ]
    },
    {
      "mode": "managed",
      "type": "aws_subnet",
      "name": "subred_datos",
      "provider": "provider[\"registry.terraform.io/hashicorp/aws\"]",
      "instances": [
        {
          "schema_version": 1,
          "attributes": {
            "arn": "arn:aws:ec2:us-east-1:137989785867:subnet/subnet-01b38475c503612f4",
            "assign_ipv6_address_on_creation": false,
            "availability_zone": "us-east-1a",
            "availability_zone_id": "use1-az4",
            "cidr_block": "10.0.3.0/24",
            "customer_owned_ipv4_pool": "",
            "enable_dns64": false,
            "enable_lni_at_device_index": 0,
            "enable_resource_name_dns_a_record_on_launch": false,
            "enable_resource_name_dns_aaaa_record_on_launch": false,
            "id": "subnet-01b38475c503612f4",
            "ipv6_cidr_block": "",
            "ipv6_cidr_block_association_id": "",
            "ipv6_native": false,
            "map_customer_owned_ip_on_launch": false,
            "map_public_ip_on_launch": false,
            "outpost_arn": "",
            "owner_id": "137989785867",
            "private_dns_hostname_type_on_launch": "ip-name",
            "tags": {
              "Name": "subred-privada-datos"
            },
            "tags_all": {
              "Name": "subred-privada-datos"
            },
            "timeouts": null,
            "vpc_id": "vpc-0b37573e559122c9d"
          },
          "sensitive_attributes": [],
          "identity_schema_version": 0,
          "private": "eyJlMmJmYjczMC1lY2FhLTExZTYtOGY4OC0zNDM2M2JjN2M0YzAiOnsiY3JlYXRlIjo2MDAwMDAwMDAwMDAsImRlbGV0ZSI6MTIwMDAwMDAwMDAwMH0sInNjaGVtYV92ZXJzaW9uIjoiMSJ9",
          "dependencies": [
            "aws_vpc.vpc_principal"
          ]
        }
      ]
    },
    {
      "mode": "managed",
      "type": "aws_subnet",
      "name": "subred_web",
      "provider": "provider[\"registry.terraform.io/hashicorp/aws\"]",
      "instances": [
        {
          "schema_version": 1,
          "attributes": {
            "arn": "arn:aws:ec2:us-east-1:137989785867:subnet/subnet-03f2180b7f45d9138",
            "assign_ipv6_address_on_creation": false,
            "availability_zone": "us-east-1a",
            "availability_zone_id": "use1-az4",
            "cidr_block": "10.0.1.0/24",
            "customer_owned_ipv4_pool": "",
            "enable_dns64": false,
            "enable_lni_at_device_index": 0,
            "enable_resource_name_dns_a_record_on_launch": false,
            "enable_resource_name_dns_aaaa_record_on_launch": false,
            "id": "subnet-03f2180b7f45d9138",
            "ipv6_cidr_block": "",
            "ipv6_cidr_block_association_id": "",
            "ipv6_native": false,
            "map_customer_owned_ip_on_launch": false,
            "map_public_ip_on_launch": true,
            "outpost_arn": "",
            "owner_id": "137989785867",
            "private_dns_hostname_type_on_launch": "ip-name",
            "tags": {
              "Name": "subred-publica-web"
            },
            "tags_all": {
              "Name": "subred-publica-web"
            },
            "timeouts": null,
            "vpc_id": "vpc-0b37573e559122c9d"
          },
          "sensitive_attributes": [],
          "identity_schema_version": 0,
          "private": "eyJlMmJmYjczMC1lY2FhLTExZTYtOGY4OC0zNDM2M2JjN2M0YzAiOnsiY3JlYXRlIjo2MDAwMDAwMDAwMDAsImRlbGV0ZSI6MTIwMDAwMDAwMDAwMH0sInNjaGVtYV92ZXJzaW9uIjoiMSJ9",
          "dependencies": [
            "aws_vpc.vpc_principal"
          ]
        }
      ]
    },
    {
      "mode": "managed",
      "type": "aws_vpc",
      "name": "vpc_principal",
      "provider": "provider[\"registry.terraform.io/hashicorp/aws\"]",
      "instances": [
        {
          "schema_version": 1,
          "attributes": {
            "arn": "arn:aws:ec2:us-east-1:137989785867:vpc/vpc-0b37573e559122c9d",
            "assign_generated_ipv6_cidr_block": false,
            "cidr_block": "10.0.0.0/16",
            "default_network_acl_id": "acl-08874acfbc885e994",
            "default_route_table_id": "rtb-036715581d7d36c86",
            "default_security_group_id": "sg-018d612062534a204",
            "dhcp_options_id": "dopt-0305e0c3bf6b7e2e5",
            "enable_dns_hostnames": true,
            "enable_dns_support": true,
            "enable_network_address_usage_metrics": false,
            "id": "vpc-0b37573e559122c9d",
            "instance_tenancy": "default",
            "ipv4_ipam_pool_id": null,
            "ipv4_netmask_length": null,
            "ipv6_association_id": "",
            "ipv6_cidr_block": "",
            "ipv6_cidr_block_network_border_group": "",
            "ipv6_ipam_pool_id": "",
            "ipv6_netmask_length": 0,
            "main_route_table_id": "rtb-036715581d7d36c86",
            "owner_id": "137989785867",
            "tags": {
              "Name": "vpc-curso"
            },
            "tags_all": {
              "Name": "vpc-curso"
            }
          },
          "sensitive_attributes": [],
          "identity_schema_version": 0,
          "private": "eyJzY2hlbWFfdmVyc2lvbiI6IjEifQ=="
        }
      ]
    },
    {
      "mode": "managed",
      "type": "local_file",
      "name": "guardar_clave",
      "provider": "provider[\"registry.terraform.io/hashicorp/local\"]",
      "instances": [
        {
          "schema_version": 0,
          "attributes": {
            "content": "-----BEGIN RSA PRIVATE KEY-----\nMIIJJwIBAAKCAgEAwMZ4w0Rk4f1AcXK23Rr7cPayKnHrmZ4EYkASw6Mq2l3ZQdcX\niFYJooYYrx/geGPG8j3oqNObV9CHAOvsrK2Axvnd/lPv9Qv0uGFSeCqNiH1ZcuWR\n6ccspnCzTbALHCTtlZHitsEhAYze1Bopvd1tNa15GMEUQxyhkDAFtTsBfRPL7uEt\n/X4twOqp0fK9aJxWAUaEtuW810ulRLO2Xs9Bgt95TwLBg5hgYP7CZ5sx2vpmOADC\nVMCtaTd+zIgezFadsvBLWqQQsbOJglZkZ5T1L1uhTwtrcwQ8RXyLLPH5QOCSdAML\nj+SgLvguq94IXO+cEJCPGxOtJ1G2ITqJpB4DIB0D9gxfoV8NJCueUtoxvCusfFhD\n+QftFxL4Xwafm3l8LRYi+A0fnr1juUho46OhaQOo7wAQHwOtYmL4OGxhR+fwQPhh\nF9Zt5D+hWkyzanvC535la1jYrf39EviQ32JkPqp5nxetMxMGfm5YbL3lrBM+QV39\nlBvdu6o+kRPXAPmHfaQOl2UetM5iXv9H2wG+NfJc2vaaOzAAWps9hiIvx6DPFhmJ\nQNffywA1YFlayeRN0NKMNpDQsbtaNuAJqp2qosOQIY5+wC+Xlr21XN+0jZF13wAz\nusSfkkugUy94B3icNN3AjlEkFMZm6EKAwq5dA6wQbVLZZ/RMLxSiHR75BqsCAwEA\nAQKCAgAbHS9KI7oJcTHvDa1RDw+o9VcyPMtgVByWEctchKbX3OsHEDDz+59STTMh\nRUYGGN6YHti1D5eiCSdGnBMHZ0Xyy/KLPZTFbio8WW/x4pD9TsgrLsVQUN6OWyaq\nZCWZOUvIxaKnhXrWJCaz8Clz1jZF86wnLQJjvXNZ+5nUl5k01aPRlGQqwI8V5cup\n8c7t7PifKE3YCHCAWwLtVVZEIo7lJffYLZvjSFDcrlMl+Gr8O6DvT+gFZ1kHW1y0\neZF/YyVo0CnWdLdmZHQQXC9gxE+cxXIRqJpd1zgqUS36zd6lieX/du2EOSobQSFr\nX146GCI8JYut9B1e0jw1k0KzIzIuw6lkNOcx/yrcm1YLPAziXlPDrn2X7JCFMlpZ\nMlF8Yl1/M91jAxvRHqt4j+0Wx+/5r1ChuRfytIeyoNCkDjO6+06VfL57YVIPhHFZ\n7c4e+THCpzNW8MDzUZ6QdQ8mQTe1TO4Y+Cf5eLcv1RPf/8lJ0OBbPK36se8pHK0Y\n7dct2E+EOigHfLEvfYpotkHOfzwI1hN9UTkitiUH5Z/PFZwwjWgJRJeM5Bn6qRdJ\npCuLE6V2xPQdFmrVngmfbN5cPOt5TJziZasRN5HGVTOhqHKIaoTYQBJ2X7xZkwJA\nO3nNhrmEOSR4XJJ2bqgf4X/hrO/dGVcGbYNzlc2t8evJ2mW4AQKCAQEAz72p2aZ5\n52LffxmM5X18GySvXg71rRlsVI12NiIHIDIz9Ahzxt6wrB0t3/PnGWIwt5Ar2Pp3\nA3YRB6JspV/qHxv24ZsbyRtc472SR5AEmw9s9sPU366+VmqZHddR2yTrp/cHdDTM\nyKu7b6YxXmzrOJ0CqPcFyWvT73OHhmyDV3SPRkoDTBwKLiJtsHwL/KvDXKJRRy9o\nrAZB+eu0Ml5F7X8MNYqGEkPFg4EIe6SPT6EFQKdcSFkl0eP2EEl3/0f6hrqv6ku3\ndxHMMRXCOMu6Gs22jwCRzKtILmUvb6LN3wOfg31tNBnljuH+TiGKT+eMMK/qKuq3\n1TDOLdFgbFZ+qwKCAQEA7Y7OLr/6y4JDk3bBbSdYaQvUacsBEFarsjvNO2BSBzTs\nr5KtQKTNSF+Jq6XSp3OdDmHzTbJ5JlAkTPI+zh3JQLhiTneD587vNpOnFkumlmwe\nECx2sdJ+Qi79MMm+npTq92r+S9iFOmPuCgfiURUSPZwqAtxQLe2uInFOjxV9FlK8\noEG9S9tLVUWpS1tCWipVmyiJlQVj/1DoD7okB3kFDSArFrnh9E/mUMGd1bVS8hX4\nl0yFTcJ/jV8pXNu4wWoIrKPHEBFZeV02ytWUKQyxbCuT+7jQxIS5cXSJxz9Dl7TR\n6jIgw94ynGxokJj0LxLcP3bUQ4cHqW22M4jMokeYAQKCAQBf/4hW4NxidclMBbWb\nc0J/lJNJhuY2yJHL/NcMquraEPj7I1DFLLE9x/okDKTVkQ9sND5e9Vc8DTpPadqF\nDW62U4jhtni/lVp2j2rikQXf1eAHpHVhrHGeo4IATTkxaL1RkBEsvR2I+fsS3Bzi\nQrjsH3pUNFrDOoXkmGGfV9PV/TIcTCV77VUy/ovry1cKuyD7VLL0j07yd63TXP2X\nbQMpfdVZhJryI8lJPL57zI7BQGqZ9vzpHfEhLhPOcPT3zf5SdkDGp5iveFUAtcpb\nzqFAs6FSMfQuPVSMxAuIrhYuoZD8BWEKe5EeVwbaehtdU2XwNcqjbHXpGbWdbKz/\nQ3UjAoIBADo0B+5KWS8tblMeAIw23KF4JYX6F/uh0JVts339vntHi0oFHO++sREv\nXzKwASnH2M4iT5NUy/wIHKzBmYO0po913ZguDiJogBGWIZUD2f/243LBAh/VW9vp\nWV1vwIVoJR2TmFSK6zGANF0+y0Nkb0CrF1v2EKsAFe8YZdAGyswCX3bARJnmU9HD\nrJPq+xnOT4UhbHwXgwWWFBVuXM975jHuFMCPsH3EacCVf49Rys3Hdk3TkMGZitjf\nXOoEZ4Lz8MYjpm0YYxyqKveNVqysEHhZQPumr3fGsQzMKcmohW4Q/nFr8L0snqfW\no9Pxtbom29Gs0prs5YKsf7ymosSL2AECggEAFZpBUYreWW8TRnzGgdguOEpLxilE\nmESLgl+09CEnOH2ZBk8fYbVOu5QzF+VaHGgii0AGDGPbkZNeMSyZGklY6Gye+YwR\nSQepqwD5j1l0g1xsMB814WKF0r2GVyzsAKPajfIrA7nsKY7L+ez5OA0y6BwaEjr3\nCIdFMSWi1ud4312R0+dGqTyrc1mZKQjqSWFkzbRjEfULxwguC7+fEyszmXv25SLl\nHvnphBCpvOCDyvcEiWmdDIWCzGj5sUHCqEKV7G/G9TN2AbnImLSJJm6sXBXUKnTG\nj642HHXjWLRiR7rFpXQHhOBN45Kqe9/UeadWUMkNDH6UImSR1vZN/nYVpA==\n-----END RSA PRIVATE KEY-----\n",
            "content_base64": null,
            "content_base64sha256": "C2vZtyi9VQBF2+D1jCXMkwX5xKVe+wCbtHD8TpsPaww=",
            "content_base64sha512": "muMA2H/jLxRRYdPe19kv+DvueSDt/rCm0laWuaOOVcqFXTzhIjWyzoZy8Y3C4/es0/ZGi9Fo0KWbuXhNQ/t0fg==",
            "content_md5": "b6e5b95f8cb25008d326496609cdfdb5",
            "content_sha1": "a5a1737a6ec36d94591c86ae04b80c07d4b854d2",
            "content_sha256": "0b6bd9b728bd550045dbe0f58c25cc9305f9c4a55efb009bb470fc4e9b0f6b0c",
            "content_sha512": "9ae300d87fe32f145161d3ded7d92ff83bee7920edfeb0a6d25696b9a38e55ca855d3ce12235b2ce8672f18dc2e3f7acd3f6468bd168d0a59bb9784d43fb747e",
            "directory_permission": "0777",
            "file_permission": "0400",
            "filename": "./clave-academia.pem",
            "id": "a5a1737a6ec36d94591c86ae04b80c07d4b854d2",
            "sensitive_content": null,
            "source": null
          },
          "sensitive_attributes": [
            [
              {
                "type": "get_attr",
                "value": "content"
              }
            ],
            [
              {
                "type": "get_attr",
                "value": "sensitive_content"
              }
            ]
          ],
          "identity_schema_version": 0,
          "dependencies": [
            "tls_private_key.clave_ssh"
          ]
        }
      ]
    },
    {
      "mode": "managed",
      "type": "tls_private_key",
      "name": "clave_ssh",
      "provider": "provider[\"registry.terraform.io/hashicorp/tls\"]",
      "instances": [
        {
          "schema_version": 1,
          "attributes": {
            "algorithm": "RSA",
            "ecdsa_curve": "P224",
            "id": "aa46aeb7277ae934eff880943a214f41171a2690",
            "private_key_openssh": "-----BEGIN OPENSSH PRIVATE KEY-----\nb3BlbnNzaC1rZXktdjEAAAAABG5vbmUAAAAEbm9uZQAAAAAAAAABAAACFwAAAAdz\nc2gtcnNhAAAAAwEAAQAAAgEAwMZ4w0Rk4f1AcXK23Rr7cPayKnHrmZ4EYkASw6Mq\n2l3ZQdcXiFYJooYYrx/geGPG8j3oqNObV9CHAOvsrK2Axvnd/lPv9Qv0uGFSeCqN\niH1ZcuWR6ccspnCzTbALHCTtlZHitsEhAYze1Bopvd1tNa15GMEUQxyhkDAFtTsB\nfRPL7uEt/X4twOqp0fK9aJxWAUaEtuW810ulRLO2Xs9Bgt95TwLBg5hgYP7CZ5sx\n2vpmOADCVMCtaTd+zIgezFadsvBLWqQQsbOJglZkZ5T1L1uhTwtrcwQ8RXyLLPH5\nQOCSdAMLj+SgLvguq94IXO+cEJCPGxOtJ1G2ITqJpB4DIB0D9gxfoV8NJCueUtox\nvCusfFhD+QftFxL4Xwafm3l8LRYi+A0fnr1juUho46OhaQOo7wAQHwOtYmL4OGxh\nR+fwQPhhF9Zt5D+hWkyzanvC535la1jYrf39EviQ32JkPqp5nxetMxMGfm5YbL3l\nrBM+QV39lBvdu6o+kRPXAPmHfaQOl2UetM5iXv9H2wG+NfJc2vaaOzAAWps9hiIv\nx6DPFhmJQNffywA1YFlayeRN0NKMNpDQsbtaNuAJqp2qosOQIY5+wC+Xlr21XN+0\njZF13wAzusSfkkugUy94B3icNN3AjlEkFMZm6EKAwq5dA6wQbVLZZ/RMLxSiHR75\nBqsAAAc4XZlnP12ZZz8AAAAHc3NoLXJzYQAAAgEAwMZ4w0Rk4f1AcXK23Rr7cPay\nKnHrmZ4EYkASw6Mq2l3ZQdcXiFYJooYYrx/geGPG8j3oqNObV9CHAOvsrK2Axvnd\n/lPv9Qv0uGFSeCqNiH1ZcuWR6ccspnCzTbALHCTtlZHitsEhAYze1Bopvd1tNa15\nGMEUQxyhkDAFtTsBfRPL7uEt/X4twOqp0fK9aJxWAUaEtuW810ulRLO2Xs9Bgt95\nTwLBg5hgYP7CZ5sx2vpmOADCVMCtaTd+zIgezFadsvBLWqQQsbOJglZkZ5T1L1uh\nTwtrcwQ8RXyLLPH5QOCSdAMLj+SgLvguq94IXO+cEJCPGxOtJ1G2ITqJpB4DIB0D\n9gxfoV8NJCueUtoxvCusfFhD+QftFxL4Xwafm3l8LRYi+A0fnr1juUho46OhaQOo\n7wAQHwOtYmL4OGxhR+fwQPhhF9Zt5D+hWkyzanvC535la1jYrf39EviQ32JkPqp5\nnxetMxMGfm5YbL3lrBM+QV39lBvdu6o+kRPXAPmHfaQOl2UetM5iXv9H2wG+NfJc\n2vaaOzAAWps9hiIvx6DPFhmJQNffywA1YFlayeRN0NKMNpDQsbtaNuAJqp2qosOQ\nIY5+wC+Xlr21XN+0jZF13wAzusSfkkugUy94B3icNN3AjlEkFMZm6EKAwq5dA6wQ\nbVLZZ/RMLxSiHR75BqsAAAADAQABAAACABsdL0ojuglxMe8NrVEPD6j1VzI8y2BU\nHJYRy1yEptfc6wcQMPP7n1JNMyFFRgYY3pge2LUPl6IJJ0acEwdnRfLL8os9lMVu\nKjxZb/HikP1OyCsuxVBQ3o5bJqpkJZk5S8jFoqeFetYkJrPwKXPWNkXzrCctAmO9\nc1n7mdSXmTTVo9GUZCrAjxXly6nxzu3s+J8oTdgIcIBbAu1VVkQijuUl99gtm+NI\nUNyuUyX4avw7oO9P6AVnWQdbXLR5kX9jJWjQKdZ0t2ZkdBBcL2DET5zFchGoml3X\nOCpRLfrN3qWJ5f927YQ5KhtBIWtfXjoYIjwli630HV7SPDWTQrMjMi7DqWQ05zH/\nKtybVgs8DOJeU8OufZfskIUyWlkyUXxiXX8z3WMDG9Eeq3iP7RbH7/mvUKG5F/K0\nh7Kg0KQOM7r7TpV8vnthUg+EcVntzh75McKnM1bwwPNRnpB1DyZBN7VM7hj4J/l4\nty/VE9//yUnQ4Fs8rfqx7ykcrRjt1y3YT4Q6KAd8sS99imi2Qc5/PAjWE31ROSK2\nJQfln88VnDCNaAlEl4zkGfqpF0mkK4sTpXbE9B0WatWeCZ9s3lw863lMnOJlqxE3\nkcZVM6GocohqhNhAEnZfvFmTAkA7ec2GuYQ5JHhcknZuqB/hf+Gs790ZVwZtg3OV\nza3x68naZbgBAAABABWaQVGK3llvE0Z8xoHYLjhKS8YpRJhEi4JftPQhJzh9mQZP\nH2G1TruUMxflWhxoIotABgxj25GTXjEsmRpJWOhsnvmMEUkHqasA+Y9ZdINcbDAf\nNeFihdK9hlcs7ACj2o3yKwO57CmOy/ns+TgNMugcGhI69wiHRTElotbneN9dkdPn\nRqk8q3NZmSkI6klhZM20YxH1C8cILgu/nxMrM5l79uUi5R756YQQqbzgg8r3BIlp\nnQyFgsxo+bFBwqhClexvxvUzdgG5yJi0iSZurFwV1Cp0xo+uNhx141i0Yke6xaV0\nB4TgTeOSqnvf1HmnVlDJDQx+lCJkkdb2Tf52FaQAAAEBAM+9qdmmeedi338ZjOV9\nfBskr14O9a0ZbFSNdjYiByAyM/QIc8besKwdLd/z5xliMLeQK9j6dwN2EQeibKVf\n6h8b9uGbG8kbXOO9kkeQBJsPbPbD1N+uvlZqmR3XUdsk66f3B3Q0zMiru2+mMV5s\n6zidAqj3Bclr0+9zh4Zsg1d0j0ZKA0wcCi4ibbB8C/yrw1yiUUcvaKwGQfnrtDJe\nRe1/DDWKhhJDxYOBCHukj0+hBUCnXEhZJdHj9hBJd/9H+oa6r+pLt3cRzDEVwjjL\nuhrNto8AkcyrSC5lL2+izd8Dn4N9bTQZ5Y7h/k4hik/njDCv6irqt9Uwzi3RYGxW\nfqsAAAEBAO2Ozi6/+suCQ5N2wW0nWGkL1GnLARBWq7I7zTtgUgc07K+SrUCkzUhf\niaul0qdznQ5h802yeSZQJEzyPs4dyUC4Yk53g+fO7zaTpxZLppZsHhAsdrHSfkIu\n/TDJvp6U6vdq/kvYhTpj7goH4lEVEj2cKgLcUC3triJxTo8VfRZSvKBBvUvbS1VF\nqUtbQloqVZsoiZUFY/9Q6A+6JAd5BQ0gKxa54fRP5lDBndW1UvIV+JdMhU3Cf41f\nKVzbuMFqCKyjxxARWXldNsrVlCkMsWwrk/u40MSEuXF0icc/Q5e00eoyIMPeMpxs\naJCY9C8S3D921EOHB6lttjOIzKJHmAEAAAAAAQID\n-----END OPENSSH PRIVATE KEY-----\n",
            "private_key_pem": "-----BEGIN RSA PRIVATE KEY-----\nMIIJJwIBAAKCAgEAwMZ4w0Rk4f1AcXK23Rr7cPayKnHrmZ4EYkASw6Mq2l3ZQdcX\niFYJooYYrx/geGPG8j3oqNObV9CHAOvsrK2Axvnd/lPv9Qv0uGFSeCqNiH1ZcuWR\n6ccspnCzTbALHCTtlZHitsEhAYze1Bopvd1tNa15GMEUQxyhkDAFtTsBfRPL7uEt\n/X4twOqp0fK9aJxWAUaEtuW810ulRLO2Xs9Bgt95TwLBg5hgYP7CZ5sx2vpmOADC\nVMCtaTd+zIgezFadsvBLWqQQsbOJglZkZ5T1L1uhTwtrcwQ8RXyLLPH5QOCSdAML\nj+SgLvguq94IXO+cEJCPGxOtJ1G2ITqJpB4DIB0D9gxfoV8NJCueUtoxvCusfFhD\n+QftFxL4Xwafm3l8LRYi+A0fnr1juUho46OhaQOo7wAQHwOtYmL4OGxhR+fwQPhh\nF9Zt5D+hWkyzanvC535la1jYrf39EviQ32JkPqp5nxetMxMGfm5YbL3lrBM+QV39\nlBvdu6o+kRPXAPmHfaQOl2UetM5iXv9H2wG+NfJc2vaaOzAAWps9hiIvx6DPFhmJ\nQNffywA1YFlayeRN0NKMNpDQsbtaNuAJqp2qosOQIY5+wC+Xlr21XN+0jZF13wAz\nusSfkkugUy94B3icNN3AjlEkFMZm6EKAwq5dA6wQbVLZZ/RMLxSiHR75BqsCAwEA\nAQKCAgAbHS9KI7oJcTHvDa1RDw+o9VcyPMtgVByWEctchKbX3OsHEDDz+59STTMh\nRUYGGN6YHti1D5eiCSdGnBMHZ0Xyy/KLPZTFbio8WW/x4pD9TsgrLsVQUN6OWyaq\nZCWZOUvIxaKnhXrWJCaz8Clz1jZF86wnLQJjvXNZ+5nUl5k01aPRlGQqwI8V5cup\n8c7t7PifKE3YCHCAWwLtVVZEIo7lJffYLZvjSFDcrlMl+Gr8O6DvT+gFZ1kHW1y0\neZF/YyVo0CnWdLdmZHQQXC9gxE+cxXIRqJpd1zgqUS36zd6lieX/du2EOSobQSFr\nX146GCI8JYut9B1e0jw1k0KzIzIuw6lkNOcx/yrcm1YLPAziXlPDrn2X7JCFMlpZ\nMlF8Yl1/M91jAxvRHqt4j+0Wx+/5r1ChuRfytIeyoNCkDjO6+06VfL57YVIPhHFZ\n7c4e+THCpzNW8MDzUZ6QdQ8mQTe1TO4Y+Cf5eLcv1RPf/8lJ0OBbPK36se8pHK0Y\n7dct2E+EOigHfLEvfYpotkHOfzwI1hN9UTkitiUH5Z/PFZwwjWgJRJeM5Bn6qRdJ\npCuLE6V2xPQdFmrVngmfbN5cPOt5TJziZasRN5HGVTOhqHKIaoTYQBJ2X7xZkwJA\nO3nNhrmEOSR4XJJ2bqgf4X/hrO/dGVcGbYNzlc2t8evJ2mW4AQKCAQEAz72p2aZ5\n52LffxmM5X18GySvXg71rRlsVI12NiIHIDIz9Ahzxt6wrB0t3/PnGWIwt5Ar2Pp3\nA3YRB6JspV/qHxv24ZsbyRtc472SR5AEmw9s9sPU366+VmqZHddR2yTrp/cHdDTM\nyKu7b6YxXmzrOJ0CqPcFyWvT73OHhmyDV3SPRkoDTBwKLiJtsHwL/KvDXKJRRy9o\nrAZB+eu0Ml5F7X8MNYqGEkPFg4EIe6SPT6EFQKdcSFkl0eP2EEl3/0f6hrqv6ku3\ndxHMMRXCOMu6Gs22jwCRzKtILmUvb6LN3wOfg31tNBnljuH+TiGKT+eMMK/qKuq3\n1TDOLdFgbFZ+qwKCAQEA7Y7OLr/6y4JDk3bBbSdYaQvUacsBEFarsjvNO2BSBzTs\nr5KtQKTNSF+Jq6XSp3OdDmHzTbJ5JlAkTPI+zh3JQLhiTneD587vNpOnFkumlmwe\nECx2sdJ+Qi79MMm+npTq92r+S9iFOmPuCgfiURUSPZwqAtxQLe2uInFOjxV9FlK8\noEG9S9tLVUWpS1tCWipVmyiJlQVj/1DoD7okB3kFDSArFrnh9E/mUMGd1bVS8hX4\nl0yFTcJ/jV8pXNu4wWoIrKPHEBFZeV02ytWUKQyxbCuT+7jQxIS5cXSJxz9Dl7TR\n6jIgw94ynGxokJj0LxLcP3bUQ4cHqW22M4jMokeYAQKCAQBf/4hW4NxidclMBbWb\nc0J/lJNJhuY2yJHL/NcMquraEPj7I1DFLLE9x/okDKTVkQ9sND5e9Vc8DTpPadqF\nDW62U4jhtni/lVp2j2rikQXf1eAHpHVhrHGeo4IATTkxaL1RkBEsvR2I+fsS3Bzi\nQrjsH3pUNFrDOoXkmGGfV9PV/TIcTCV77VUy/ovry1cKuyD7VLL0j07yd63TXP2X\nbQMpfdVZhJryI8lJPL57zI7BQGqZ9vzpHfEhLhPOcPT3zf5SdkDGp5iveFUAtcpb\nzqFAs6FSMfQuPVSMxAuIrhYuoZD8BWEKe5EeVwbaehtdU2XwNcqjbHXpGbWdbKz/\nQ3UjAoIBADo0B+5KWS8tblMeAIw23KF4JYX6F/uh0JVts339vntHi0oFHO++sREv\nXzKwASnH2M4iT5NUy/wIHKzBmYO0po913ZguDiJogBGWIZUD2f/243LBAh/VW9vp\nWV1vwIVoJR2TmFSK6zGANF0+y0Nkb0CrF1v2EKsAFe8YZdAGyswCX3bARJnmU9HD\nrJPq+xnOT4UhbHwXgwWWFBVuXM975jHuFMCPsH3EacCVf49Rys3Hdk3TkMGZitjf\nXOoEZ4Lz8MYjpm0YYxyqKveNVqysEHhZQPumr3fGsQzMKcmohW4Q/nFr8L0snqfW\no9Pxtbom29Gs0prs5YKsf7ymosSL2AECggEAFZpBUYreWW8TRnzGgdguOEpLxilE\nmESLgl+09CEnOH2ZBk8fYbVOu5QzF+VaHGgii0AGDGPbkZNeMSyZGklY6Gye+YwR\nSQepqwD5j1l0g1xsMB814WKF0r2GVyzsAKPajfIrA7nsKY7L+ez5OA0y6BwaEjr3\nCIdFMSWi1ud4312R0+dGqTyrc1mZKQjqSWFkzbRjEfULxwguC7+fEyszmXv25SLl\nHvnphBCpvOCDyvcEiWmdDIWCzGj5sUHCqEKV7G/G9TN2AbnImLSJJm6sXBXUKnTG\nj642HHXjWLRiR7rFpXQHhOBN45Kqe9/UeadWUMkNDH6UImSR1vZN/nYVpA==\n-----END RSA PRIVATE KEY-----\n",
            "private_key_pem_pkcs8": "-----BEGIN PRIVATE KEY-----\nMIIJQQIBADANBgkqhkiG9w0BAQEFAASCCSswggknAgEAAoICAQDAxnjDRGTh/UBx\ncrbdGvtw9rIqceuZngRiQBLDoyraXdlB1xeIVgmihhivH+B4Y8byPeio05tX0IcA\n6+ysrYDG+d3+U+/1C/S4YVJ4Ko2IfVly5ZHpxyymcLNNsAscJO2VkeK2wSEBjN7U\nGim93W01rXkYwRRDHKGQMAW1OwF9E8vu4S39fi3A6qnR8r1onFYBRoS25bzXS6VE\ns7Zez0GC33lPAsGDmGBg/sJnmzHa+mY4AMJUwK1pN37MiB7MVp2y8EtapBCxs4mC\nVmRnlPUvW6FPC2tzBDxFfIss8flA4JJ0AwuP5KAu+C6r3ghc75wQkI8bE60nUbYh\nOomkHgMgHQP2DF+hXw0kK55S2jG8K6x8WEP5B+0XEvhfBp+beXwtFiL4DR+evWO5\nSGjjo6FpA6jvABAfA61iYvg4bGFH5/BA+GEX1m3kP6FaTLNqe8LnfmVrWNit/f0S\n+JDfYmQ+qnmfF60zEwZ+blhsveWsEz5BXf2UG927qj6RE9cA+Yd9pA6XZR60zmJe\n/0fbAb418lza9po7MABamz2GIi/HoM8WGYlA19/LADVgWVrJ5E3Q0ow2kNCxu1o2\n4Amqnaqiw5Ahjn7AL5eWvbVc37SNkXXfADO6xJ+SS6BTL3gHeJw03cCOUSQUxmbo\nQoDCrl0DrBBtUtln9EwvFKIdHvkGqwIDAQABAoICABsdL0ojuglxMe8NrVEPD6j1\nVzI8y2BUHJYRy1yEptfc6wcQMPP7n1JNMyFFRgYY3pge2LUPl6IJJ0acEwdnRfLL\n8os9lMVuKjxZb/HikP1OyCsuxVBQ3o5bJqpkJZk5S8jFoqeFetYkJrPwKXPWNkXz\nrCctAmO9c1n7mdSXmTTVo9GUZCrAjxXly6nxzu3s+J8oTdgIcIBbAu1VVkQijuUl\n99gtm+NIUNyuUyX4avw7oO9P6AVnWQdbXLR5kX9jJWjQKdZ0t2ZkdBBcL2DET5zF\nchGoml3XOCpRLfrN3qWJ5f927YQ5KhtBIWtfXjoYIjwli630HV7SPDWTQrMjMi7D\nqWQ05zH/KtybVgs8DOJeU8OufZfskIUyWlkyUXxiXX8z3WMDG9Eeq3iP7RbH7/mv\nUKG5F/K0h7Kg0KQOM7r7TpV8vnthUg+EcVntzh75McKnM1bwwPNRnpB1DyZBN7VM\n7hj4J/l4ty/VE9//yUnQ4Fs8rfqx7ykcrRjt1y3YT4Q6KAd8sS99imi2Qc5/PAjW\nE31ROSK2JQfln88VnDCNaAlEl4zkGfqpF0mkK4sTpXbE9B0WatWeCZ9s3lw863lM\nnOJlqxE3kcZVM6GocohqhNhAEnZfvFmTAkA7ec2GuYQ5JHhcknZuqB/hf+Gs790Z\nVwZtg3OVza3x68naZbgBAoIBAQDPvanZpnnnYt9/GYzlfXwbJK9eDvWtGWxUjXY2\nIgcgMjP0CHPG3rCsHS3f8+cZYjC3kCvY+ncDdhEHomylX+ofG/bhmxvJG1zjvZJH\nkASbD2z2w9Tfrr5Wapkd11HbJOun9wd0NMzIq7tvpjFebOs4nQKo9wXJa9Pvc4eG\nbINXdI9GSgNMHAouIm2wfAv8q8NcolFHL2isBkH567QyXkXtfww1ioYSQ8WDgQh7\npI9PoQVAp1xIWSXR4/YQSXf/R/qGuq/qS7d3EcwxFcI4y7oazbaPAJHMq0guZS9v\nos3fA5+DfW00GeWO4f5OIYpP54wwr+oq6rfVMM4t0WBsVn6rAoIBAQDtjs4uv/rL\ngkOTdsFtJ1hpC9RpywEQVquyO807YFIHNOyvkq1ApM1IX4mrpdKnc50OYfNNsnkm\nUCRM8j7OHclAuGJOd4Pnzu82k6cWS6aWbB4QLHax0n5CLv0wyb6elOr3av5L2IU6\nY+4KB+JRFRI9nCoC3FAt7a4icU6PFX0WUrygQb1L20tVRalLW0JaKlWbKImVBWP/\nUOgPuiQHeQUNICsWueH0T+ZQwZ3VtVLyFfiXTIVNwn+NXylc27jBagiso8cQEVl5\nXTbK1ZQpDLFsK5P7uNDEhLlxdInHP0OXtNHqMiDD3jKcbGiQmPQvEtw/dtRDhwep\nbbYziMyiR5gBAoIBAF//iFbg3GJ1yUwFtZtzQn+Uk0mG5jbIkcv81wyq6toQ+Psj\nUMUssT3H+iQMpNWRD2w0Pl71VzwNOk9p2oUNbrZTiOG2eL+VWnaPauKRBd/V4Aek\ndWGscZ6jggBNOTFovVGQESy9HYj5+xLcHOJCuOwfelQ0WsM6heSYYZ9X09X9MhxM\nJXvtVTL+i+vLVwq7IPtUsvSPTvJ3rdNc/ZdtAyl91VmEmvIjyUk8vnvMjsFAapn2\n/Okd8SEuE85w9PfN/lJ2QManmK94VQC1ylvOoUCzoVIx9C49VIzEC4iuFi6hkPwF\nYQp7kR5XBtp6G11TZfA1yqNsdekZtZ1srP9DdSMCggEAOjQH7kpZLy1uUx4AjDbc\noXglhfoX+6HQlW2zff2+e0eLSgUc776xES9fMrABKcfYziJPk1TL/AgcrMGZg7Sm\nj3XdmC4OImiAEZYhlQPZ//bjcsECH9Vb2+lZXW/AhWglHZOYVIrrMYA0XT7LQ2Rv\nQKsXW/YQqwAV7xhl0AbKzAJfdsBEmeZT0cOsk+r7Gc5PhSFsfBeDBZYUFW5cz3vm\nMe4UwI+wfcRpwJV/j1HKzcd2TdOQwZmK2N9c6gRngvPwxiOmbRhjHKoq941WrKwQ\neFlA+6avd8axDMwpyaiFbhD+cWvwvSyep9aj0/G1uibb0azSmuzlgqx/vKaixIvY\nAQKCAQAVmkFRit5ZbxNGfMaB2C44SkvGKUSYRIuCX7T0ISc4fZkGTx9htU67lDMX\n5VocaCKLQAYMY9uRk14xLJkaSVjobJ75jBFJB6mrAPmPWXSDXGwwHzXhYoXSvYZX\nLOwAo9qN8isDuewpjsv57Pk4DTLoHBoSOvcIh0UxJaLW53jfXZHT50apPKtzWZkp\nCOpJYWTNtGMR9QvHCC4Lv58TKzOZe/blIuUe+emEEKm84IPK9wSJaZ0MhYLMaPmx\nQcKoQpXsb8b1M3YBuciYtIkmbqxcFdQqdMaPrjYcdeNYtGJHusWldAeE4E3jkqp7\n39R5p1ZQyQ0MfpQiZJHW9k3+dhWk\n-----END PRIVATE KEY-----\n",
            "public_key_fingerprint_md5": "e2:21:e6:ef:a7:94:bd:85:4f:4b:d7:76:28:51:1e:c9",
            "public_key_fingerprint_sha256": "SHA256:68RQKJONR8Nh7L0uSklcm8ZkKeKMq29RYifE4o/n+i0",
            "public_key_openssh": "ssh-rsa AAAAB3NzaC1yc2EAAAADAQABAAACAQDAxnjDRGTh/UBxcrbdGvtw9rIqceuZngRiQBLDoyraXdlB1xeIVgmihhivH+B4Y8byPeio05tX0IcA6+ysrYDG+d3+U+/1C/S4YVJ4Ko2IfVly5ZHpxyymcLNNsAscJO2VkeK2wSEBjN7UGim93W01rXkYwRRDHKGQMAW1OwF9E8vu4S39fi3A6qnR8r1onFYBRoS25bzXS6VEs7Zez0GC33lPAsGDmGBg/sJnmzHa+mY4AMJUwK1pN37MiB7MVp2y8EtapBCxs4mCVmRnlPUvW6FPC2tzBDxFfIss8flA4JJ0AwuP5KAu+C6r3ghc75wQkI8bE60nUbYhOomkHgMgHQP2DF+hXw0kK55S2jG8K6x8WEP5B+0XEvhfBp+beXwtFiL4DR+evWO5SGjjo6FpA6jvABAfA61iYvg4bGFH5/BA+GEX1m3kP6FaTLNqe8LnfmVrWNit/f0S+JDfYmQ+qnmfF60zEwZ+blhsveWsEz5BXf2UG927qj6RE9cA+Yd9pA6XZR60zmJe/0fbAb418lza9po7MABamz2GIi/HoM8WGYlA19/LADVgWVrJ5E3Q0ow2kNCxu1o24Amqnaqiw5Ahjn7AL5eWvbVc37SNkXXfADO6xJ+SS6BTL3gHeJw03cCOUSQUxmboQoDCrl0DrBBtUtln9EwvFKIdHvkGqw==\n",
            "public_key_pem": "-----BEGIN PUBLIC KEY-----\nMIICIjANBgkqhkiG9w0BAQEFAAOCAg8AMIICCgKCAgEAwMZ4w0Rk4f1AcXK23Rr7\ncPayKnHrmZ4EYkASw6Mq2l3ZQdcXiFYJooYYrx/geGPG8j3oqNObV9CHAOvsrK2A\nxvnd/lPv9Qv0uGFSeCqNiH1ZcuWR6ccspnCzTbALHCTtlZHitsEhAYze1Bopvd1t\nNa15GMEUQxyhkDAFtTsBfRPL7uEt/X4twOqp0fK9aJxWAUaEtuW810ulRLO2Xs9B\ngt95TwLBg5hgYP7CZ5sx2vpmOADCVMCtaTd+zIgezFadsvBLWqQQsbOJglZkZ5T1\nL1uhTwtrcwQ8RXyLLPH5QOCSdAMLj+SgLvguq94IXO+cEJCPGxOtJ1G2ITqJpB4D\nIB0D9gxfoV8NJCueUtoxvCusfFhD+QftFxL4Xwafm3l8LRYi+A0fnr1juUho46Oh\naQOo7wAQHwOtYmL4OGxhR+fwQPhhF9Zt5D+hWkyzanvC535la1jYrf39EviQ32Jk\nPqp5nxetMxMGfm5YbL3lrBM+QV39lBvdu6o+kRPXAPmHfaQOl2UetM5iXv9H2wG+\nNfJc2vaaOzAAWps9hiIvx6DPFhmJQNffywA1YFlayeRN0NKMNpDQsbtaNuAJqp2q\nosOQIY5+wC+Xlr21XN+0jZF13wAzusSfkkugUy94B3icNN3AjlEkFMZm6EKAwq5d\nA6wQbVLZZ/RMLxSiHR75BqsCAwEAAQ==\n-----END PUBLIC KEY-----\n",
            "rsa_bits": 4096
          },
          "sensitive_attributes": [
            [
              {
                "type": "get_attr",
                "value": "private_key_openssh"
              }
            ],
            [
              {
                "type": "get_attr",
                "value": "private_key_pem"
              }
            ],
            [
              {
                "type": "get_attr",
                "value": "private_key_pem_pkcs8"
              }
            ]
          ],
          "identity_schema_version": 0
        }
      ]
    }
  ],
  "check_results": null
}
