{
  "version": 4,
  "terraform_version": "1.15.6",
  "serial": 35,
  "lineage": "62df8632-9bfc-dcdb-5459-75362c1b4a1d",
  "outputs": {
    "ip_privada_app": {
      "value": "10.0.2.69",
      "type": "string"
    },
    "ip_privada_datos": {
      "value": "10.0.3.71",
      "type": "string"
    },
    "ip_publica_web": {
      "value": "3.215.128.208",
      "type": "string"
    }
  },
  "resources": [
    {
      "mode": "managed",
      "type": "aws_eip",
      "name": "eip_nat",
      "provider": "provider[\"registry.terraform.io/hashicorp/aws\"]",
      "instances": [
        {
          "schema_version": 0,
          "attributes": {
            "address": null,
            "allocation_id": "eipalloc-0f8ec7e854da90bef",
            "arn": "arn:aws:ec2:us-east-1:137989785867:elastic-ip/eipalloc-0f8ec7e854da90bef",
            "associate_with_private_ip": null,
            "association_id": "",
            "carrier_ip": "",
            "customer_owned_ip": "",
            "customer_owned_ipv4_pool": "",
            "domain": "vpc",
            "id": "eipalloc-0f8ec7e854da90bef",
            "instance": "",
            "ipam_pool_id": null,
            "network_border_group": "us-east-1",
            "network_interface": "",
            "private_dns": null,
            "private_ip": "",
            "ptr_record": "",
            "public_dns": "ec2-100-56-48-96.compute-1.amazonaws.com",
            "public_ip": "100.56.48.96",
            "public_ipv4_pool": "amazon",
            "tags": {
              "Name": "eip-nat-gateway"
            },
            "tags_all": {
              "Name": "eip-nat-gateway"
            },
            "timeouts": null,
            "vpc": true
          },
          "sensitive_attributes": [],
          "identity_schema_version": 0,
          "private": "eyJlMmJmYjczMC1lY2FhLTExZTYtOGY4OC0zNDM2M2JjN2M0YzAiOnsiZGVsZXRlIjoxODAwMDAwMDAwMDAsInJlYWQiOjkwMDAwMDAwMDAwMCwidXBkYXRlIjozMDAwMDAwMDAwMDB9fQ=="
        }
      ]
    },
    {
      "mode": "managed",
      "type": "aws_eip",
      "name": "eip_web",
      "provider": "provider[\"registry.terraform.io/hashicorp/aws\"]",
      "instances": [
        {
          "schema_version": 0,
          "attributes": {
            "address": null,
            "allocation_id": "eipalloc-033bf5472f47d2c81",
            "arn": "arn:aws:ec2:us-east-1:137989785867:elastic-ip/eipalloc-033bf5472f47d2c81",
            "associate_with_private_ip": null,
            "association_id": "eipassoc-043f6b33dae24f949",
            "carrier_ip": "",
            "customer_owned_ip": "",
            "customer_owned_ipv4_pool": "",
            "domain": "vpc",
            "id": "eipalloc-033bf5472f47d2c81",
            "instance": "i-096d07e5cc3c28568",
            "ipam_pool_id": null,
            "network_border_group": "us-east-1",
            "network_interface": "eni-0439182fa95679383",
            "private_dns": "ip-10-0-1-37.ec2.internal",
            "private_ip": "10.0.1.37",
            "ptr_record": "",
            "public_dns": "ec2-3-215-128-208.compute-1.amazonaws.com",
            "public_ip": "3.215.128.208",
            "public_ipv4_pool": "amazon",
            "tags": {
              "Name": "eip-ec2-web"
            },
            "tags_all": {
              "Name": "eip-ec2-web"
            },
            "timeouts": null,
            "vpc": true
          },
          "sensitive_attributes": [],
          "identity_schema_version": 0,
          "private": "eyJlMmJmYjczMC1lY2FhLTExZTYtOGY4OC0zNDM2M2JjN2M0YzAiOnsiZGVsZXRlIjoxODAwMDAwMDAwMDAsInJlYWQiOjkwMDAwMDAwMDAwMCwidXBkYXRlIjozMDAwMDAwMDAwMDB9fQ==",
          "dependencies": [
            "aws_instance.ec2_web",
            "aws_key_pair.key_pair",
            "aws_security_group.sg_web",
            "aws_subnet.subred_web",
            "aws_vpc.vpc_principal",
            "tls_private_key.clave_ssh"
          ]
        }
      ]
    },
    {
      "mode": "managed",
      "type": "aws_instance",
      "name": "ec2_app",
      "provider": "provider[\"registry.terraform.io/hashicorp/aws\"]",
      "instances": [
        {
          "schema_version": 1,
          "attributes": {
            "ami": "ami-00e801948462f718a",
            "arn": "arn:aws:ec2:us-east-1:137989785867:instance/i-03bbeb0af7f3f535c",
            "associate_public_ip_address": false,
            "availability_zone": "us-east-1a",
            "capacity_reservation_specification": [
              {
                "capacity_reservation_preference": "open",
                "capacity_reservation_target": []
              }
            ],
            "cpu_core_count": 1,
            "cpu_options": [
              {
                "amd_sev_snp": "",
                "core_count": 1,
                "threads_per_core": 2
              }
            ],
            "cpu_threads_per_core": 2,
            "credit_specification": [
              {
                "cpu_credits": "unlimited"
              }
            ],
            "disable_api_stop": false,
            "disable_api_termination": false,
            "ebs_block_device": [],
            "ebs_optimized": false,
            "enable_primary_ipv6": null,
            "enclave_options": [
              {
                "enabled": false
              }
            ],
            "ephemeral_block_device": [],
            "get_password_data": false,
            "hibernation": false,
            "host_id": "",
            "host_resource_group_arn": null,
            "iam_instance_profile": "",
            "id": "i-03bbeb0af7f3f535c",
            "instance_initiated_shutdown_behavior": "stop",
            "instance_lifecycle": "",
            "instance_market_options": [],
            "instance_state": "running",
            "instance_type": "t3.micro",
            "ipv6_address_count": 0,
            "ipv6_addresses": [],
            "key_name": "clave-proyecto-academy",
            "launch_template": [],
            "maintenance_options": [
              {
                "auto_recovery": "default"
              }
            ],
            "metadata_options": [
              {
                "http_endpoint": "enabled",
                "http_protocol_ipv6": "disabled",
                "http_put_response_hop_limit": 2,
                "http_tokens": "required",
                "instance_metadata_tags": "disabled"
              }
            ],
            "monitoring": false,
            "network_interface": [],
            "outpost_arn": "",
            "password_data": "",
            "placement_group": "",
            "placement_partition_number": 0,
            "primary_network_interface_id": "eni-02ef037b08205df26",
            "private_dns": "ip-10-0-2-69.ec2.internal",
            "private_dns_name_options": [
              {
                "enable_resource_name_dns_a_record": false,
                "enable_resource_name_dns_aaaa_record": false,
                "hostname_type": "ip-name"
              }
            ],
            "private_ip": "10.0.2.69",
            "public_dns": "",
            "public_ip": "",
            "root_block_device": [
              {
                "delete_on_termination": true,
                "device_name": "/dev/xvda",
                "encrypted": false,
                "iops": 3000,
                "kms_key_id": "",
                "tags": {},
                "tags_all": {},
                "throughput": 125,
                "volume_id": "vol-0070c665a19f683de",
                "volume_size": 8,
                "volume_type": "gp3"
              }
            ],
            "secondary_private_ips": [],
            "security_groups": [],
            "source_dest_check": true,
            "spot_instance_request_id": "",
            "subnet_id": "subnet-090d931317e1cb4ac",
            "tags": {
              "Name": "ec2-app"
            },
            "tags_all": {
              "Name": "ec2-app"
            },
            "tenancy": "default",
            "timeouts": null,
            "user_data": "b748371af6df24f38cd098464db4726c497f5840",
            "user_data_base64": null,
            "user_data_replace_on_change": false,
            "volume_tags": null,
            "vpc_security_group_ids": [
              "sg-03a4c0fa47f836cfe"
            ]
          },
          "sensitive_attributes": [],
          "identity_schema_version": 0,
          "private": "eyJlMmJmYjczMC1lY2FhLTExZTYtOGY4OC0zNDM2M2JjN2M0YzAiOnsiY3JlYXRlIjo2MDAwMDAwMDAwMDAsImRlbGV0ZSI6MTIwMDAwMDAwMDAwMCwicmVhZCI6OTAwMDAwMDAwMDAwLCJ1cGRhdGUiOjYwMDAwMDAwMDAwMH0sInNjaGVtYV92ZXJzaW9uIjoiMSJ9",
          "dependencies": [
            "aws_key_pair.key_pair",
            "aws_security_group.sg_app",
            "aws_security_group.sg_web",
            "aws_subnet.subred_app",
            "aws_vpc.vpc_principal",
            "tls_private_key.clave_ssh"
          ]
        }
      ]
    },
    {
      "mode": "managed",
      "type": "aws_instance",
      "name": "ec2_datos",
      "provider": "provider[\"registry.terraform.io/hashicorp/aws\"]",
      "instances": [
        {
          "schema_version": 1,
          "attributes": {
            "ami": "ami-00e801948462f718a",
            "arn": "arn:aws:ec2:us-east-1:137989785867:instance/i-0ee344b4b38fd3a88",
            "associate_public_ip_address": false,
            "availability_zone": "us-east-1a",
            "capacity_reservation_specification": [
              {
                "capacity_reservation_preference": "open",
                "capacity_reservation_target": []
              }
            ],
            "cpu_core_count": 1,
            "cpu_options": [
              {
                "amd_sev_snp": "",
                "core_count": 1,
                "threads_per_core": 2
              }
            ],
            "cpu_threads_per_core": 2,
            "credit_specification": [
              {
                "cpu_credits": "unlimited"
              }
            ],
            "disable_api_stop": false,
            "disable_api_termination": false,
            "ebs_block_device": [],
            "ebs_optimized": false,
            "enable_primary_ipv6": null,
            "enclave_options": [
              {
                "enabled": false
              }
            ],
            "ephemeral_block_device": [],
            "get_password_data": false,
            "hibernation": false,
            "host_id": "",
            "host_resource_group_arn": null,
            "iam_instance_profile": "",
            "id": "i-0ee344b4b38fd3a88",
            "instance_initiated_shutdown_behavior": "stop",
            "instance_lifecycle": "",
            "instance_market_options": [],
            "instance_state": "running",
            "instance_type": "t3.micro",
            "ipv6_address_count": 0,
            "ipv6_addresses": [],
            "key_name": "clave-proyecto-academy",
            "launch_template": [],
            "maintenance_options": [
              {
                "auto_recovery": "default"
              }
            ],
            "metadata_options": [
              {
                "http_endpoint": "enabled",
                "http_protocol_ipv6": "disabled",
                "http_put_response_hop_limit": 2,
                "http_tokens": "required",
                "instance_metadata_tags": "disabled"
              }
            ],
            "monitoring": false,
            "network_interface": [],
            "outpost_arn": "",
            "password_data": "",
            "placement_group": "",
            "placement_partition_number": 0,
            "primary_network_interface_id": "eni-04b8741c2a2a36a69",
            "private_dns": "ip-10-0-3-71.ec2.internal",
            "private_dns_name_options": [
              {
                "enable_resource_name_dns_a_record": false,
                "enable_resource_name_dns_aaaa_record": false,
                "hostname_type": "ip-name"
              }
            ],
            "private_ip": "10.0.3.71",
            "public_dns": "",
            "public_ip": "",
            "root_block_device": [
              {
                "delete_on_termination": true,
                "device_name": "/dev/xvda",
                "encrypted": false,
                "iops": 3000,
                "kms_key_id": "",
                "tags": {},
                "tags_all": {},
                "throughput": 125,
                "volume_id": "vol-0777d888a0359a0be",
                "volume_size": 8,
                "volume_type": "gp3"
              }
            ],
            "secondary_private_ips": [],
            "security_groups": [],
            "source_dest_check": true,
            "spot_instance_request_id": "",
            "subnet_id": "subnet-03acc4cdb60a3764e",
            "tags": {
              "Name": "ec2-datos"
            },
            "tags_all": {
              "Name": "ec2-datos"
            },
            "tenancy": "default",
            "timeouts": null,
            "user_data": "85db1db09ba5c277f91e3938a763c81e55fae201",
            "user_data_base64": null,
            "user_data_replace_on_change": false,
            "volume_tags": null,
            "vpc_security_group_ids": [
              "sg-0868be9fd550c1d3c"
            ]
          },
          "sensitive_attributes": [],
          "identity_schema_version": 0,
          "private": "eyJlMmJmYjczMC1lY2FhLTExZTYtOGY4OC0zNDM2M2JjN2M0YzAiOnsiY3JlYXRlIjo2MDAwMDAwMDAwMDAsImRlbGV0ZSI6MTIwMDAwMDAwMDAwMCwicmVhZCI6OTAwMDAwMDAwMDAwLCJ1cGRhdGUiOjYwMDAwMDAwMDAwMH0sInNjaGVtYV92ZXJzaW9uIjoiMSJ9",
          "dependencies": [
            "aws_key_pair.key_pair",
            "aws_security_group.sg_app",
            "aws_security_group.sg_datos",
            "aws_security_group.sg_web",
            "aws_subnet.subred_datos",
            "aws_vpc.vpc_principal",
            "tls_private_key.clave_ssh"
          ]
        }
      ]
    },
    {
      "mode": "managed",
      "type": "aws_instance",
      "name": "ec2_web",
      "provider": "provider[\"registry.terraform.io/hashicorp/aws\"]",
      "instances": [
        {
          "schema_version": 1,
          "attributes": {
            "ami": "ami-00e801948462f718a",
            "arn": "arn:aws:ec2:us-east-1:137989785867:instance/i-096d07e5cc3c28568",
            "associate_public_ip_address": true,
            "availability_zone": "us-east-1a",
            "capacity_reservation_specification": [
              {
                "capacity_reservation_preference": "open",
                "capacity_reservation_target": []
              }
            ],
            "cpu_core_count": 1,
            "cpu_options": [
              {
                "amd_sev_snp": "",
                "core_count": 1,
                "threads_per_core": 2
              }
            ],
            "cpu_threads_per_core": 2,
            "credit_specification": [
              {
                "cpu_credits": "unlimited"
              }
            ],
            "disable_api_stop": false,
            "disable_api_termination": false,
            "ebs_block_device": [],
            "ebs_optimized": false,
            "enable_primary_ipv6": null,
            "enclave_options": [
              {
                "enabled": false
              }
            ],
            "ephemeral_block_device": [],
            "get_password_data": false,
            "hibernation": false,
            "host_id": "",
            "host_resource_group_arn": null,
            "iam_instance_profile": "",
            "id": "i-096d07e5cc3c28568",
            "instance_initiated_shutdown_behavior": "stop",
            "instance_lifecycle": "",
            "instance_market_options": [],
            "instance_state": "running",
            "instance_type": "t3.micro",
            "ipv6_address_count": 0,
            "ipv6_addresses": [],
            "key_name": "clave-proyecto-academy",
            "launch_template": [],
            "maintenance_options": [
              {
                "auto_recovery": "default"
              }
            ],
            "metadata_options": [
              {
                "http_endpoint": "enabled",
                "http_protocol_ipv6": "disabled",
                "http_put_response_hop_limit": 2,
                "http_tokens": "required",
                "instance_metadata_tags": "disabled"
              }
            ],
            "monitoring": false,
            "network_interface": [],
            "outpost_arn": "",
            "password_data": "",
            "placement_group": "",
            "placement_partition_number": 0,
            "primary_network_interface_id": "eni-0439182fa95679383",
            "private_dns": "ip-10-0-1-37.ec2.internal",
            "private_dns_name_options": [
              {
                "enable_resource_name_dns_a_record": false,
                "enable_resource_name_dns_aaaa_record": false,
                "hostname_type": "ip-name"
              }
            ],
            "private_ip": "10.0.1.37",
            "public_dns": "ec2-100-27-221-224.compute-1.amazonaws.com",
            "public_ip": "100.27.221.224",
            "root_block_device": [
              {
                "delete_on_termination": true,
                "device_name": "/dev/xvda",
                "encrypted": false,
                "iops": 3000,
                "kms_key_id": "",
                "tags": {},
                "tags_all": {},
                "throughput": 125,
                "volume_id": "vol-0954e47f5187663b9",
                "volume_size": 8,
                "volume_type": "gp3"
              }
            ],
            "secondary_private_ips": [],
            "security_groups": [],
            "source_dest_check": true,
            "spot_instance_request_id": "",
            "subnet_id": "subnet-05549ccbeb5a611f1",
            "tags": {
              "Name": "ec2-web"
            },
            "tags_all": {
              "Name": "ec2-web"
            },
            "tenancy": "default",
            "timeouts": null,
            "user_data": "d92bf0e48de9b2e77ef03928e9f1b8bea98cc4d6",
            "user_data_base64": null,
            "user_data_replace_on_change": false,
            "volume_tags": null,
            "vpc_security_group_ids": [
              "sg-08c683662b50ef251"
            ]
          },
          "sensitive_attributes": [],
          "identity_schema_version": 0,
          "private": "eyJlMmJmYjczMC1lY2FhLTExZTYtOGY4OC0zNDM2M2JjN2M0YzAiOnsiY3JlYXRlIjo2MDAwMDAwMDAwMDAsImRlbGV0ZSI6MTIwMDAwMDAwMDAwMCwicmVhZCI6OTAwMDAwMDAwMDAwLCJ1cGRhdGUiOjYwMDAwMDAwMDAwMH0sInNjaGVtYV92ZXJzaW9uIjoiMSJ9",
          "dependencies": [
            "aws_key_pair.key_pair",
            "aws_security_group.sg_web",
            "aws_subnet.subred_web",
            "aws_vpc.vpc_principal",
            "tls_private_key.clave_ssh"
          ]
        }
      ]
    },
    {
      "mode": "managed",
      "type": "aws_internet_gateway",
      "name": "igw",
      "provider": "provider[\"registry.terraform.io/hashicorp/aws\"]",
      "instances": [
        {
          "schema_version": 0,
          "attributes": {
            "arn": "arn:aws:ec2:us-east-1:137989785867:internet-gateway/igw-00f123457853a277c",
            "id": "igw-00f123457853a277c",
            "owner_id": "137989785867",
            "tags": {
              "Name": "igw-curso"
            },
            "tags_all": {
              "Name": "igw-curso"
            },
            "timeouts": null,
            "vpc_id": "vpc-0b212a572e3507f11"
          },
          "sensitive_attributes": [],
          "identity_schema_version": 0,
          "private": "eyJlMmJmYjczMC1lY2FhLTExZTYtOGY4OC0zNDM2M2JjN2M0YzAiOnsiY3JlYXRlIjoxMjAwMDAwMDAwMDAwLCJkZWxldGUiOjEyMDAwMDAwMDAwMDAsInVwZGF0ZSI6MTIwMDAwMDAwMDAwMH19",
          "dependencies": [
            "aws_vpc.vpc_principal"
          ]
        }
      ]
    },
    {
      "mode": "managed",
      "type": "aws_key_pair",
      "name": "key_pair",
      "provider": "provider[\"registry.terraform.io/hashicorp/aws\"]",
      "instances": [
        {
          "schema_version": 1,
          "attributes": {
            "arn": "arn:aws:ec2:us-east-1:137989785867:key-pair/clave-proyecto-academy",
            "fingerprint": "2b:43:fe:f3:62:6c:79:50:ab:f7:f2:70:bc:b6:2b:0e",
            "id": "clave-proyecto-academy",
            "key_name": "clave-proyecto-academy",
            "key_name_prefix": "",
            "key_pair_id": "key-09231e1ad0159d98e",
            "key_type": "rsa",
            "public_key": "ssh-rsa AAAAB3NzaC1yc2EAAAADAQABAAACAQDKb8Xx1Q7lpXeUOWCuzjlZVbBe1jwHc4ixzez7BaI97E4TmtbusALf0KrT2+CE3GsEovfaRIl2QcbpO9+lgrI/JrmUYTGKPqoDl20zyL7aZKwdBZ66loTaXbPd4EY9exN8fW/utCG/CBAtSxvyPnI0WGFNhow5ouvI/fhYgcsqgxytolSfbzfRld7fysgE7jDawFPvRFYhVWkjT4YSEM5nWrzQKHfJZaPts8sJgUc+x92KWGUvWAV55FHUHWMfDmGhT3hRLkE8CArctKS/Hghp1NS2K7Fgt+sXCBdpzAw6aiYM9sqYfULEUQI8vfAbTbO1r/xIcDyuEMT4ePH9Dze2puTiadLVEmVTP0wlN4uiXd1D9I+PNyFlJnde8POCLaJIVWqmdTuQpFz23d6QoaGmE3xyM4kf2FM6OfPccI1xKU2/LU8rANaHJlTTcOldkxcn/5os6bCeX+yz/mewncHE9OCqwoVc62QXtSoWnbvfoyJycHzdZztrgVq3XgneQXXFuM9vyphE4eQUVuCeJdzYYoSb5T4YwuMPCMzcWvezOlN42AiTdPo7Yv9X7OHQjQrviaqywuaupeRG3ZH1ULr63UY3IlFRswxRt0tXFq/HUAuIm1TrG5N1YzZTBiw9fFg3vCm+foVwBHGazrY61NbZ4Rzi3NUsdrEpxqYMTBBAvQ==",
            "tags": null,
            "tags_all": {}
          },
          "sensitive_attributes": [],
          "identity_schema_version": 0,
          "private": "eyJzY2hlbWFfdmVyc2lvbiI6IjEifQ==",
          "dependencies": [
            "tls_private_key.clave_ssh"
          ]
        }
      ]
    },
    {
      "mode": "managed",
      "type": "aws_nat_gateway",
      "name": "nat_gw",
      "provider": "provider[\"registry.terraform.io/hashicorp/aws\"]",
      "instances": [
        {
          "schema_version": 0,
          "attributes": {
            "allocation_id": "eipalloc-0f8ec7e854da90bef",
            "association_id": "eipassoc-0d8a3a596d872d88b",
            "connectivity_type": "public",
            "id": "nat-07c134a7562a7f711",
            "network_interface_id": "eni-0b44c9c6bc9390bae",
            "private_ip": "10.0.1.224",
            "public_ip": "100.56.48.96",
            "secondary_allocation_ids": null,
            "secondary_private_ip_address_count": 0,
            "secondary_private_ip_addresses": [],
            "subnet_id": "subnet-05549ccbeb5a611f1",
            "tags": {
              "Name": "nat-gateway-curso"
            },
            "tags_all": {
              "Name": "nat-gateway-curso"
            },
            "timeouts": null
          },
          "sensitive_attributes": [],
          "identity_schema_version": 0,
          "private": "eyJlMmJmYjczMC1lY2FhLTExZTYtOGY4OC0zNDM2M2JjN2M0YzAiOnsiY3JlYXRlIjo2MDAwMDAwMDAwMDAsImRlbGV0ZSI6MTgwMDAwMDAwMDAwMCwidXBkYXRlIjo2MDAwMDAwMDAwMDB9fQ==",
          "dependencies": [
            "aws_eip.eip_nat",
            "aws_internet_gateway.igw",
            "aws_subnet.subred_web",
            "aws_vpc.vpc_principal"
          ]
        }
      ]
    },
    {
      "mode": "managed",
      "type": "aws_route_table",
      "name": "rt_privada",
      "provider": "provider[\"registry.terraform.io/hashicorp/aws\"]",
      "instances": [
        {
          "schema_version": 0,
          "attributes": {
            "arn": "arn:aws:ec2:us-east-1:137989785867:route-table/rtb-003e34557d8f9ee80",
            "id": "rtb-003e34557d8f9ee80",
            "owner_id": "137989785867",
            "propagating_vgws": [],
            "route": [
              {
                "carrier_gateway_id": "",
                "cidr_block": "0.0.0.0/0",
                "core_network_arn": "",
                "destination_prefix_list_id": "",
                "egress_only_gateway_id": "",
                "gateway_id": "",
                "ipv6_cidr_block": "",
                "local_gateway_id": "",
                "nat_gateway_id": "nat-07c134a7562a7f711",
                "network_interface_id": "",
                "transit_gateway_id": "",
                "vpc_endpoint_id": "",
                "vpc_peering_connection_id": ""
              }
            ],
            "tags": {
              "Name": "rt-privada"
            },
            "tags_all": {
              "Name": "rt-privada"
            },
            "timeouts": null,
            "vpc_id": "vpc-0b212a572e3507f11"
          },
          "sensitive_attributes": [],
          "identity_schema_version": 0,
          "private": "eyJlMmJmYjczMC1lY2FhLTExZTYtOGY4OC0zNDM2M2JjN2M0YzAiOnsiY3JlYXRlIjozMDAwMDAwMDAwMDAsImRlbGV0ZSI6MzAwMDAwMDAwMDAwLCJ1cGRhdGUiOjEyMDAwMDAwMDAwMH19",
          "dependencies": [
            "aws_eip.eip_nat",
            "aws_internet_gateway.igw",
            "aws_nat_gateway.nat_gw",
            "aws_subnet.subred_web",
            "aws_vpc.vpc_principal"
          ]
        }
      ]
    },
    {
      "mode": "managed",
      "type": "aws_route_table",
      "name": "rt_publica",
      "provider": "provider[\"registry.terraform.io/hashicorp/aws\"]",
      "instances": [
        {
          "schema_version": 0,
          "attributes": {
            "arn": "arn:aws:ec2:us-east-1:137989785867:route-table/rtb-048e2479737d5b776",
            "id": "rtb-048e2479737d5b776",
            "owner_id": "137989785867",
            "propagating_vgws": [],
            "route": [
              {
                "carrier_gateway_id": "",
                "cidr_block": "0.0.0.0/0",
                "core_network_arn": "",
                "destination_prefix_list_id": "",
                "egress_only_gateway_id": "",
                "gateway_id": "igw-00f123457853a277c",
                "ipv6_cidr_block": "",
                "local_gateway_id": "",
                "nat_gateway_id": "",
                "network_interface_id": "",
                "transit_gateway_id": "",
                "vpc_endpoint_id": "",
                "vpc_peering_connection_id": ""
              }
            ],
            "tags": {
              "Name": "rt-publica"
            },
            "tags_all": {
              "Name": "rt-publica"
            },
            "timeouts": null,
            "vpc_id": "vpc-0b212a572e3507f11"
          },
          "sensitive_attributes": [],
          "identity_schema_version": 0,
          "private": "eyJlMmJmYjczMC1lY2FhLTExZTYtOGY4OC0zNDM2M2JjN2M0YzAiOnsiY3JlYXRlIjozMDAwMDAwMDAwMDAsImRlbGV0ZSI6MzAwMDAwMDAwMDAwLCJ1cGRhdGUiOjEyMDAwMDAwMDAwMH19",
          "dependencies": [
            "aws_internet_gateway.igw",
            "aws_vpc.vpc_principal"
          ]
        }
      ]
    },
    {
      "mode": "managed",
      "type": "aws_route_table_association",
      "name": "app_assoc",
      "provider": "provider[\"registry.terraform.io/hashicorp/aws\"]",
      "instances": [
        {
          "schema_version": 0,
          "attributes": {
            "gateway_id": "",
            "id": "rtbassoc-0fb8a48daa55c1555",
            "route_table_id": "rtb-003e34557d8f9ee80",
            "subnet_id": "subnet-090d931317e1cb4ac",
            "timeouts": null
          },
          "sensitive_attributes": [],
          "identity_schema_version": 0,
          "private": "eyJlMmJmYjczMC1lY2FhLTExZTYtOGY4OC0zNDM2M2JjN2M0YzAiOnsiY3JlYXRlIjozMDAwMDAwMDAwMDAsImRlbGV0ZSI6MzAwMDAwMDAwMDAwLCJ1cGRhdGUiOjEyMDAwMDAwMDAwMH19",
          "dependencies": [
            "aws_eip.eip_nat",
            "aws_internet_gateway.igw",
            "aws_nat_gateway.nat_gw",
            "aws_route_table.rt_privada",
            "aws_subnet.subred_app",
            "aws_subnet.subred_web",
            "aws_vpc.vpc_principal"
          ]
        }
      ]
    },
    {
      "mode": "managed",
      "type": "aws_route_table_association",
      "name": "datos_assoc",
      "provider": "provider[\"registry.terraform.io/hashicorp/aws\"]",
      "instances": [
        {
          "schema_version": 0,
          "attributes": {
            "gateway_id": "",
            "id": "rtbassoc-0d96578ad71ba9778",
            "route_table_id": "rtb-003e34557d8f9ee80",
            "subnet_id": "subnet-03acc4cdb60a3764e",
            "timeouts": null
          },
          "sensitive_attributes": [],
          "identity_schema_version": 0,
          "private": "eyJlMmJmYjczMC1lY2FhLTExZTYtOGY4OC0zNDM2M2JjN2M0YzAiOnsiY3JlYXRlIjozMDAwMDAwMDAwMDAsImRlbGV0ZSI6MzAwMDAwMDAwMDAwLCJ1cGRhdGUiOjEyMDAwMDAwMDAwMH19",
          "dependencies": [
            "aws_eip.eip_nat",
            "aws_internet_gateway.igw",
            "aws_nat_gateway.nat_gw",
            "aws_route_table.rt_privada",
            "aws_subnet.subred_datos",
            "aws_subnet.subred_web",
            "aws_vpc.vpc_principal"
          ]
        }
      ]
    },
    {
      "mode": "managed",
      "type": "aws_route_table_association",
      "name": "web_assoc",
      "provider": "provider[\"registry.terraform.io/hashicorp/aws\"]",
      "instances": [
        {
          "schema_version": 0,
          "attributes": {
            "gateway_id": "",
            "id": "rtbassoc-0771c8a438be119c4",
            "route_table_id": "rtb-048e2479737d5b776",
            "subnet_id": "subnet-05549ccbeb5a611f1",
            "timeouts": null
          },
          "sensitive_attributes": [],
          "identity_schema_version": 0,
          "private": "eyJlMmJmYjczMC1lY2FhLTExZTYtOGY4OC0zNDM2M2JjN2M0YzAiOnsiY3JlYXRlIjozMDAwMDAwMDAwMDAsImRlbGV0ZSI6MzAwMDAwMDAwMDAwLCJ1cGRhdGUiOjEyMDAwMDAwMDAwMH19",
          "dependencies": [
            "aws_internet_gateway.igw",
            "aws_route_table.rt_publica",
            "aws_subnet.subred_web",
            "aws_vpc.vpc_principal"
          ]
        }
      ]
    },
    {
      "mode": "managed",
      "type": "aws_security_group",
      "name": "sg_app",
      "provider": "provider[\"registry.terraform.io/hashicorp/aws\"]",
      "instances": [
        {
          "schema_version": 1,
          "attributes": {
            "arn": "arn:aws:ec2:us-east-1:137989785867:security-group/sg-03a4c0fa47f836cfe",
            "description": "Permite trafico desde la capa web",
            "egress": [
              {
                "cidr_blocks": [
                  "0.0.0.0/0"
                ],
                "description": "",
                "from_port": 0,
                "ipv6_cidr_blocks": [],
                "prefix_list_ids": [],
                "protocol": "-1",
                "security_groups": [],
                "self": false,
                "to_port": 0
              }
            ],
            "id": "sg-03a4c0fa47f836cfe",
            "ingress": [
              {
                "cidr_blocks": [],
                "description": "",
                "from_port": -1,
                "ipv6_cidr_blocks": [],
                "prefix_list_ids": [],
                "protocol": "icmp",
                "security_groups": [
                  "sg-08c683662b50ef251"
                ],
                "self": false,
                "to_port": -1
              },
              {
                "cidr_blocks": [],
                "description": "",
                "from_port": 22,
                "ipv6_cidr_blocks": [],
                "prefix_list_ids": [],
                "protocol": "tcp",
                "security_groups": [
                  "sg-08c683662b50ef251"
                ],
                "self": false,
                "to_port": 22
              },
              {
                "cidr_blocks": [],
                "description": "",
                "from_port": 8080,
                "ipv6_cidr_blocks": [],
                "prefix_list_ids": [],
                "protocol": "tcp",
                "security_groups": [
                  "sg-08c683662b50ef251"
                ],
                "self": false,
                "to_port": 8080
              }
            ],
            "name": "sg_capa_app",
            "name_prefix": "",
            "owner_id": "137989785867",
            "revoke_rules_on_delete": false,
            "tags": null,
            "tags_all": {},
            "timeouts": null,
            "vpc_id": "vpc-0b212a572e3507f11"
          },
          "sensitive_attributes": [],
          "identity_schema_version": 0,
          "private": "eyJlMmJmYjczMC1lY2FhLTExZTYtOGY4OC0zNDM2M2JjN2M0YzAiOnsiY3JlYXRlIjo2MDAwMDAwMDAwMDAsImRlbGV0ZSI6OTAwMDAwMDAwMDAwfSwic2NoZW1hX3ZlcnNpb24iOiIxIn0=",
          "dependencies": [
            "aws_security_group.sg_web",
            "aws_vpc.vpc_principal"
          ]
        }
      ]
    },
    {
      "mode": "managed",
      "type": "aws_security_group",
      "name": "sg_datos",
      "provider": "provider[\"registry.terraform.io/hashicorp/aws\"]",
      "instances": [
        {
          "schema_version": 1,
          "attributes": {
            "arn": "arn:aws:ec2:us-east-1:137989785867:security-group/sg-0868be9fd550c1d3c",
            "description": "Permite trafico de base de datos desde la capa app",
            "egress": [
              {
                "cidr_blocks": [
                  "0.0.0.0/0"
                ],
                "description": "",
                "from_port": 0,
                "ipv6_cidr_blocks": [],
                "prefix_list_ids": [],
                "protocol": "-1",
                "security_groups": [],
                "self": false,
                "to_port": 0
              }
            ],
            "id": "sg-0868be9fd550c1d3c",
            "ingress": [
              {
                "cidr_blocks": [],
                "description": "",
                "from_port": -1,
                "ipv6_cidr_blocks": [],
                "prefix_list_ids": [],
                "protocol": "icmp",
                "security_groups": [
                  "sg-03a4c0fa47f836cfe"
                ],
                "self": false,
                "to_port": -1
              },
              {
                "cidr_blocks": [],
                "description": "",
                "from_port": 22,
                "ipv6_cidr_blocks": [],
                "prefix_list_ids": [],
                "protocol": "tcp",
                "security_groups": [
                  "sg-03a4c0fa47f836cfe"
                ],
                "self": false,
                "to_port": 22
              },
              {
                "cidr_blocks": [],
                "description": "",
                "from_port": 5432,
                "ipv6_cidr_blocks": [],
                "prefix_list_ids": [],
                "protocol": "tcp",
                "security_groups": [
                  "sg-03a4c0fa47f836cfe"
                ],
                "self": false,
                "to_port": 5432
              }
            ],
            "name": "sg_capa_datos",
            "name_prefix": "",
            "owner_id": "137989785867",
            "revoke_rules_on_delete": false,
            "tags": null,
            "tags_all": {},
            "timeouts": null,
            "vpc_id": "vpc-0b212a572e3507f11"
          },
          "sensitive_attributes": [],
          "identity_schema_version": 0,
          "private": "eyJlMmJmYjczMC1lY2FhLTExZTYtOGY4OC0zNDM2M2JjN2M0YzAiOnsiY3JlYXRlIjo2MDAwMDAwMDAwMDAsImRlbGV0ZSI6OTAwMDAwMDAwMDAwfSwic2NoZW1hX3ZlcnNpb24iOiIxIn0=",
          "dependencies": [
            "aws_security_group.sg_app",
            "aws_security_group.sg_web",
            "aws_vpc.vpc_principal"
          ]
        }
      ]
    },
    {
      "mode": "managed",
      "type": "aws_security_group",
      "name": "sg_web",
      "provider": "provider[\"registry.terraform.io/hashicorp/aws\"]",
      "instances": [
        {
          "schema_version": 1,
          "attributes": {
            "arn": "arn:aws:ec2:us-east-1:137989785867:security-group/sg-08c683662b50ef251",
            "description": "Permite trafico web hacia las instancias ec2",
            "egress": [
              {
                "cidr_blocks": [
                  "0.0.0.0/0"
                ],
                "description": "",
                "from_port": 0,
                "ipv6_cidr_blocks": [],
                "prefix_list_ids": [],
                "protocol": "-1",
                "security_groups": [],
                "self": false,
                "to_port": 0
              }
            ],
            "id": "sg-08c683662b50ef251",
            "ingress": [
              {
                "cidr_blocks": [
                  "0.0.0.0/0"
                ],
                "description": "",
                "from_port": 22,
                "ipv6_cidr_blocks": [],
                "prefix_list_ids": [],
                "protocol": "tcp",
                "security_groups": [],
                "self": false,
                "to_port": 22
              },
              {
                "cidr_blocks": [
                  "0.0.0.0/0"
                ],
                "description": "",
                "from_port": 443,
                "ipv6_cidr_blocks": [],
                "prefix_list_ids": [],
                "protocol": "tcp",
                "security_groups": [],
                "self": false,
                "to_port": 443
              },
              {
                "cidr_blocks": [
                  "0.0.0.0/0"
                ],
                "description": "",
                "from_port": 80,
                "ipv6_cidr_blocks": [],
                "prefix_list_ids": [],
                "protocol": "tcp",
                "security_groups": [],
                "self": false,
                "to_port": 80
              }
            ],
            "name": "sg_capa_web",
            "name_prefix": "",
            "owner_id": "137989785867",
            "revoke_rules_on_delete": false,
            "tags": null,
            "tags_all": {},
            "timeouts": null,
            "vpc_id": "vpc-0b212a572e3507f11"
          },
          "sensitive_attributes": [],
          "identity_schema_version": 0,
          "private": "eyJlMmJmYjczMC1lY2FhLTExZTYtOGY4OC0zNDM2M2JjN2M0YzAiOnsiY3JlYXRlIjo2MDAwMDAwMDAwMDAsImRlbGV0ZSI6OTAwMDAwMDAwMDAwfSwic2NoZW1hX3ZlcnNpb24iOiIxIn0=",
          "dependencies": [
            "aws_vpc.vpc_principal"
          ]
        }
      ]
    },
    {
      "mode": "managed",
      "type": "aws_subnet",
      "name": "subred_app",
      "provider": "provider[\"registry.terraform.io/hashicorp/aws\"]",
      "instances": [
        {
          "schema_version": 1,
          "attributes": {
            "arn": "arn:aws:ec2:us-east-1:137989785867:subnet/subnet-090d931317e1cb4ac",
            "assign_ipv6_address_on_creation": false,
            "availability_zone": "us-east-1a",
            "availability_zone_id": "use1-az4",
            "cidr_block": "10.0.2.0/24",
            "customer_owned_ipv4_pool": "",
            "enable_dns64": false,
            "enable_lni_at_device_index": 0,
            "enable_resource_name_dns_a_record_on_launch": false,
            "enable_resource_name_dns_aaaa_record_on_launch": false,
            "id": "subnet-090d931317e1cb4ac",
            "ipv6_cidr_block": "",
            "ipv6_cidr_block_association_id": "",
            "ipv6_native": false,
            "map_customer_owned_ip_on_launch": false,
            "map_public_ip_on_launch": false,
            "outpost_arn": "",
            "owner_id": "137989785867",
            "private_dns_hostname_type_on_launch": "ip-name",
            "tags": {
              "Name": "subred-privada-app"
            },
            "tags_all": {
              "Name": "subred-privada-app"
            },
            "timeouts": null,
            "vpc_id": "vpc-0b212a572e3507f11"
          },
          "sensitive_attributes": [],
          "identity_schema_version": 0,
          "private": "eyJlMmJmYjczMC1lY2FhLTExZTYtOGY4OC0zNDM2M2JjN2M0YzAiOnsiY3JlYXRlIjo2MDAwMDAwMDAwMDAsImRlbGV0ZSI6MTIwMDAwMDAwMDAwMH0sInNjaGVtYV92ZXJzaW9uIjoiMSJ9",
          "dependencies": [
            "aws_vpc.vpc_principal"
          ]
        }
      ]
    },
    {
      "mode": "managed",
      "type": "aws_subnet",
      "name": "subred_datos",
      "provider": "provider[\"registry.terraform.io/hashicorp/aws\"]",
      "instances": [
        {
          "schema_version": 1,
          "attributes": {
            "arn": "arn:aws:ec2:us-east-1:137989785867:subnet/subnet-03acc4cdb60a3764e",
            "assign_ipv6_address_on_creation": false,
            "availability_zone": "us-east-1a",
            "availability_zone_id": "use1-az4",
            "cidr_block": "10.0.3.0/24",
            "customer_owned_ipv4_pool": "",
            "enable_dns64": false,
            "enable_lni_at_device_index": 0,
            "enable_resource_name_dns_a_record_on_launch": false,
            "enable_resource_name_dns_aaaa_record_on_launch": false,
            "id": "subnet-03acc4cdb60a3764e",
            "ipv6_cidr_block": "",
            "ipv6_cidr_block_association_id": "",
            "ipv6_native": false,
            "map_customer_owned_ip_on_launch": false,
            "map_public_ip_on_launch": false,
            "outpost_arn": "",
            "owner_id": "137989785867",
            "private_dns_hostname_type_on_launch": "ip-name",
            "tags": {
              "Name": "subred-privada-datos"
            },
            "tags_all": {
              "Name": "subred-privada-datos"
            },
            "timeouts": null,
            "vpc_id": "vpc-0b212a572e3507f11"
          },
          "sensitive_attributes": [],
          "identity_schema_version": 0,
          "private": "eyJlMmJmYjczMC1lY2FhLTExZTYtOGY4OC0zNDM2M2JjN2M0YzAiOnsiY3JlYXRlIjo2MDAwMDAwMDAwMDAsImRlbGV0ZSI6MTIwMDAwMDAwMDAwMH0sInNjaGVtYV92ZXJzaW9uIjoiMSJ9",
          "dependencies": [
            "aws_vpc.vpc_principal"
          ]
        }
      ]
    },
    {
      "mode": "managed",
      "type": "aws_subnet",
      "name": "subred_web",
      "provider": "provider[\"registry.terraform.io/hashicorp/aws\"]",
      "instances": [
        {
          "schema_version": 1,
          "attributes": {
            "arn": "arn:aws:ec2:us-east-1:137989785867:subnet/subnet-05549ccbeb5a611f1",
            "assign_ipv6_address_on_creation": false,
            "availability_zone": "us-east-1a",
            "availability_zone_id": "use1-az4",
            "cidr_block": "10.0.1.0/24",
            "customer_owned_ipv4_pool": "",
            "enable_dns64": false,
            "enable_lni_at_device_index": 0,
            "enable_resource_name_dns_a_record_on_launch": false,
            "enable_resource_name_dns_aaaa_record_on_launch": false,
            "id": "subnet-05549ccbeb5a611f1",
            "ipv6_cidr_block": "",
            "ipv6_cidr_block_association_id": "",
            "ipv6_native": false,
            "map_customer_owned_ip_on_launch": false,
            "map_public_ip_on_launch": true,
            "outpost_arn": "",
            "owner_id": "137989785867",
            "private_dns_hostname_type_on_launch": "ip-name",
            "tags": {
              "Name": "subred-publica-web"
            },
            "tags_all": {
              "Name": "subred-publica-web"
            },
            "timeouts": null,
            "vpc_id": "vpc-0b212a572e3507f11"
          },
          "sensitive_attributes": [],
          "identity_schema_version": 0,
          "private": "eyJlMmJmYjczMC1lY2FhLTExZTYtOGY4OC0zNDM2M2JjN2M0YzAiOnsiY3JlYXRlIjo2MDAwMDAwMDAwMDAsImRlbGV0ZSI6MTIwMDAwMDAwMDAwMH0sInNjaGVtYV92ZXJzaW9uIjoiMSJ9",
          "dependencies": [
            "aws_vpc.vpc_principal"
          ]
        }
      ]
    },
    {
      "mode": "managed",
      "type": "aws_vpc",
      "name": "vpc_principal",
      "provider": "provider[\"registry.terraform.io/hashicorp/aws\"]",
      "instances": [
        {
          "schema_version": 1,
          "attributes": {
            "arn": "arn:aws:ec2:us-east-1:137989785867:vpc/vpc-0b212a572e3507f11",
            "assign_generated_ipv6_cidr_block": false,
            "cidr_block": "10.0.0.0/16",
            "default_network_acl_id": "acl-020d50358de6939f0",
            "default_route_table_id": "rtb-03ea5d98add348425",
            "default_security_group_id": "sg-074472bc50b6b2fdd",
            "dhcp_options_id": "dopt-0305e0c3bf6b7e2e5",
            "enable_dns_hostnames": true,
            "enable_dns_support": true,
            "enable_network_address_usage_metrics": false,
            "id": "vpc-0b212a572e3507f11",
            "instance_tenancy": "default",
            "ipv4_ipam_pool_id": null,
            "ipv4_netmask_length": null,
            "ipv6_association_id": "",
            "ipv6_cidr_block": "",
            "ipv6_cidr_block_network_border_group": "",
            "ipv6_ipam_pool_id": "",
            "ipv6_netmask_length": 0,
            "main_route_table_id": "rtb-03ea5d98add348425",
            "owner_id": "137989785867",
            "tags": {
              "Name": "vpc-curso"
            },
            "tags_all": {
              "Name": "vpc-curso"
            }
          },
          "sensitive_attributes": [],
          "identity_schema_version": 0,
          "private": "eyJzY2hlbWFfdmVyc2lvbiI6IjEifQ=="
        }
      ]
    },
    {
      "mode": "managed",
      "type": "local_file",
      "name": "guardar_clave",
      "provider": "provider[\"registry.terraform.io/hashicorp/local\"]",
      "instances": [
        {
          "schema_version": 0,
          "attributes": {
            "content": "-----BEGIN RSA PRIVATE KEY-----\nMIIJKQIBAAKCAgEAym/F8dUO5aV3lDlgrs45WVWwXtY8B3OIsc3s+wWiPexOE5rW\n7rAC39Cq09vghNxrBKL32kSJdkHG6TvfpYKyPya5lGExij6qA5dtM8i+2mSsHQWe\nupaE2l2z3eBGPXsTfH1v7rQhvwgQLUsb8j5yNFhhTYaMOaLryP34WIHLKoMcraJU\nn2830ZXe38rIBO4w2sBT70RWIVVpI0+GEhDOZ1q80Ch3yWWj7bPLCYFHPsfdilhl\nL1gFeeRR1B1jHw5hoU94US5BPAgK3LSkvx4IadTUtiuxYLfrFwgXacwMOmomDPbK\nmH1CxFECPL3wG02zta/8SHA8rhDE+Hjx/Q83tqbk4mnS1RJlUz9MJTeLol3dQ/SP\njzchZSZ3XvDzgi2iSFVqpnU7kKRc9t3ekKGhphN8cjOJH9hTOjnz3HCNcSlNvy1P\nKwDWhyZU03DpXZMXJ/+aLOmwnl/ss/5nsJ3BxPTgqsKFXOtkF7UqFp2736MicnB8\n3Wc7a4Fat14J3kF1xbjPb8qYROHkFFbgniXc2GKEm+U+GMLjDwjM3Fr3szpTeNgI\nk3T6O2L/V+zh0I0K74mqssLmrqXkRt2R9VC6+t1GNyJRUbMMUbdLVxavx1ALiJtU\n6xuTdWM2UwYsPXxYN7wpvn6FcARxms62OtTW2eEc4tzVLHaxKcamDEwQQL0CAwEA\nAQKCAgAGA8yumw1Cgwhaydqmzv9SuXJQWw61DPiAifUS30+7BcirGfRtaqLnOgi9\nW0DgSblPTbVOEa/A6QLrPqluPkQkDrdAYqPpbuO30BnBSmNrU0bu5NIayqqfX13f\nB5Emtf+1+PcosUb4aVmrstndeIAFsKORfWAwvTfCxNMKdC7QcE1blmFrzE7tBgY1\ngY2wYdBnS4Qi7ZWej25ci3oZEtFDLmXCTJWEkSXOBAPSIDp48dDSEb7N6ZBeFwvc\nYNQnYdLCS31wcg6jpTyHYsGrYQ3QcS+xyvoN/OD6EfY6IUMywCEpzPJnlf80HJET\ns3QNJ6Ghkh1NnLIc3OgxVsyf34Ig+GyuZS6sLfyNuqEovtsyaoBbtFtQ5iUI4w58\n0+N2OsDVzi9/hRpf3a+2ogX5xNa/DMOmTk53/ysLis68bkkYJxGVAx8VFTjqfJbQ\n9trMLZ+BHr2oyxuhnVgRnaYLGpEo1A4AZJPxeud/bpXXg5TFIklFr+VV3znsJKhQ\n53HJKsL4L9sr2lnlhEpKHz7jHw0sezuS1ZED04IeYoCGow8bJyQtVyrDaJVjh/Bn\nsPhZOT5On7S9BEZvrkWZMycvmRD1uFCP9Xbptxm6gJW4lIZRVxNMeyKOYnvqHEVr\nmYuE2Rztz0c+xVlksvaI4yz9L0txJmyzsCTBC6x/t7FDNAI4gQKCAQEA5aA3fimA\nOdujtqii6LGs9tIhApLf+cWGmsn+uKKGAgfG6hts32CLFBk1j4vf+qSTIvGlk7B/\nOHYr3+PHt/0I0scAgJqEplWMoPrCLNG8pOjsrl63PAo8QSpXy8e6Dwtgb/qDIVKD\n0zshK8o6T3WTiLcNwriJqrisss+YcVl5jaT4yCxSLxVgxoTznSTkjuF1OQMF0uJg\n9Yw2BAfTXqGQgIJN1PDa/C3my7fcDxARw9apbbTcYOO31h82bhGq94R7KT3xxrp7\nKNMwEeR0ldMnYPHo0ALELPzb47JWpN/t+mc1aItuYWkdYfnDzI/HRw1/uuDPWcOv\nybQlqLawCr5tgQKCAQEA4bAZqr2QDQ+wO5SjAi4578yhKJvsec9LKJmjWbQx0Ep3\njm/mhHudAYvbG7Gan34wjSBmago3brjXjJu72JshW2SFEKyaez1HO0NRCcCG8XF6\nbB0NpwVOb6dAEWiMnPEsH9Kr8PSGWwwHYurGl0R2GYL2WwFTXeGVWeeAX5l4cvv2\nJSTpixxdIYsMrA85asUnGAOIckiag8HxKO9Zbr83TQRo675YfOZ6NpfkVXMQL2Ib\nk+jbzdqcAYbAmgu+kMATJAnQBQB7O+io6vOhwZcQOKNLy5Q2Ph6fhW10xqTVyMQX\nGqclzTj58iO4ah/Uo10HvJ66THvq/IUyoZou5WapPQKCAQBGNx/A7F/RUWBWUmq+\nTNZfAxIk/1SNw+DNJEdHnirsJASnQYuhIpxkoPDH3DW5Jun3HX1MFARS94+i/rvr\nfuxbx45XxOgbFL3T29nUaq4Mn00AZOYS7e5O3uvJ3GEAiLIMi8XdQqYcyU/zW/tI\noONkQtVqXZN7KM1mQCSVRI7uyStpymO3Egptqen0e3uIVVjK/imhuqd7bkx2Hw57\nOVw+b5ntK1lLE54nXSllUbyc7d8RNOTOm9NzHkg+kBh/Z3thuRdddViDu1BPqFQe\nHFtGQbK3KKFkQE3c6oOkFvVmRHkIZtpx3vqlIwLEYpLFH1OXiXbeNABk5Tk+xd4+\n6swBAoIBAQCeVUeMi7U2FJ2VDzBVZUzsOWmO7eU3iAC4mSEK2+pesP+zhDn7FCYQ\nYaf0g+Nwpb02JVb0afp9yVwfn1poGl2Kmrjn+8/dSh5hK1b9On7xgKVcl/1uAcEH\ngBTooaqUqHZGVSyfvU1NLuE3unJcyYD5YPGo4wMzyAFZs5pSd38TXEVRxdW67MlB\nsSXQyFWF3I8Sv9fIJbuRWEzyZQkfMzN+6usZCM9XwPJYvrNIZ5MhSvkCCcm7X/U2\n9OzGphqpvrcu/1tbRv0uCIoJW6dOA8czlQyl5HMxnZZYq3PTsOzzDu8OmdlhYumn\nwPuuKGqruaal483bvswbIO9mhJ8F/cIZAoIBAQDRHkzUJbkppGclAjZCoR6o7XvY\nRozE+z74Q/5Yn9BzXPqliAssYK2qrfeyaTXZ8NE4wADbEOgY59U+6xXzO3WNb0AL\nZlaOj4HZIVjVefj3OrMJnfYil1k9SfKG5TE8MpFEwY76eL9b9ew3ZflxYn5cvVxl\nm2rG2gQmjeqaB5d3lFjOzBlM0DSL0SHfSyvoRU9kpkzxK57MEgysPqn674YdKYT6\n6moA/VqXchE4B9ZLFUxRybDdGAG1Qg8GQNWeUVgmX/17z2WrJ9tfZu5ie5KH3Rnc\nshc/3qmL3tdCLB6hS/Mr7zIfVDzRWdb48X5DEDJARdpK2W+SHxx6LboVfE7S\n-----END RSA PRIVATE KEY-----\n",
            "content_base64": null,
            "content_base64sha256": "7F4YGzu23qeCm6jb/dN3Vi8bXATig/yEBW0sPOYJfgo=",
            "content_base64sha512": "RZI7AfV6g+uvktusBOYVHTTF+p/XKirXDLodIGi2f5xMxX1x6z3O4wYgyyDpsC7Zeb+U6VchnBYEc8CHA4p+dQ==",
            "content_md5": "879b2d9df1d6acb5cae989ed7912e8c3",
            "content_sha1": "e881dcca438d05b81bcf087011ecb04b76a13e0e",
            "content_sha256": "ec5e181b3bb6dea7829ba8dbfdd377562f1b5c04e283fc84056d2c3ce6097e0a",
            "content_sha512": "45923b01f57a83ebaf92dbac04e6151d34c5fa9fd72a2ad70cba1d2068b67f9c4cc57d71eb3dcee30620cb20e9b02ed979bf94e957219c160473c087038a7e75",
            "directory_permission": "0777",
            "file_permission": "0400",
            "filename": "./clave-academia.pem",
            "id": "e881dcca438d05b81bcf087011ecb04b76a13e0e",
            "sensitive_content": null,
            "source": null
          },
          "sensitive_attributes": [
            [
              {
                "type": "get_attr",
                "value": "content"
              }
            ],
            [
              {
                "type": "get_attr",
                "value": "sensitive_content"
              }
            ]
          ],
          "identity_schema_version": 0,
          "dependencies": [
            "tls_private_key.clave_ssh"
          ]
        }
      ]
    },
    {
      "mode": "managed",
      "type": "tls_private_key",
      "name": "clave_ssh",
      "provider": "provider[\"registry.terraform.io/hashicorp/tls\"]",
      "instances": [
        {
          "schema_version": 1,
          "attributes": {
            "algorithm": "RSA",
            "ecdsa_curve": "P224",
            "id": "0649e5d6d43ec9938093c5366bad197b80282763",
            "private_key_openssh": "-----BEGIN OPENSSH PRIVATE KEY-----\nb3BlbnNzaC1rZXktdjEAAAAABG5vbmUAAAAEbm9uZQAAAAAAAAABAAACFwAAAAdz\nc2gtcnNhAAAAAwEAAQAAAgEAym/F8dUO5aV3lDlgrs45WVWwXtY8B3OIsc3s+wWi\nPexOE5rW7rAC39Cq09vghNxrBKL32kSJdkHG6TvfpYKyPya5lGExij6qA5dtM8i+\n2mSsHQWeupaE2l2z3eBGPXsTfH1v7rQhvwgQLUsb8j5yNFhhTYaMOaLryP34WIHL\nKoMcraJUn2830ZXe38rIBO4w2sBT70RWIVVpI0+GEhDOZ1q80Ch3yWWj7bPLCYFH\nPsfdilhlL1gFeeRR1B1jHw5hoU94US5BPAgK3LSkvx4IadTUtiuxYLfrFwgXacwM\nOmomDPbKmH1CxFECPL3wG02zta/8SHA8rhDE+Hjx/Q83tqbk4mnS1RJlUz9MJTeL\nol3dQ/SPjzchZSZ3XvDzgi2iSFVqpnU7kKRc9t3ekKGhphN8cjOJH9hTOjnz3HCN\ncSlNvy1PKwDWhyZU03DpXZMXJ/+aLOmwnl/ss/5nsJ3BxPTgqsKFXOtkF7UqFp27\n36MicnB83Wc7a4Fat14J3kF1xbjPb8qYROHkFFbgniXc2GKEm+U+GMLjDwjM3Fr3\nszpTeNgIk3T6O2L/V+zh0I0K74mqssLmrqXkRt2R9VC6+t1GNyJRUbMMUbdLVxav\nx1ALiJtU6xuTdWM2UwYsPXxYN7wpvn6FcARxms62OtTW2eEc4tzVLHaxKcamDEwQ\nQL0AAAc4Zc1hF2XNYRcAAAAHc3NoLXJzYQAAAgEAym/F8dUO5aV3lDlgrs45WVWw\nXtY8B3OIsc3s+wWiPexOE5rW7rAC39Cq09vghNxrBKL32kSJdkHG6TvfpYKyPya5\nlGExij6qA5dtM8i+2mSsHQWeupaE2l2z3eBGPXsTfH1v7rQhvwgQLUsb8j5yNFhh\nTYaMOaLryP34WIHLKoMcraJUn2830ZXe38rIBO4w2sBT70RWIVVpI0+GEhDOZ1q8\n0Ch3yWWj7bPLCYFHPsfdilhlL1gFeeRR1B1jHw5hoU94US5BPAgK3LSkvx4IadTU\ntiuxYLfrFwgXacwMOmomDPbKmH1CxFECPL3wG02zta/8SHA8rhDE+Hjx/Q83tqbk\n4mnS1RJlUz9MJTeLol3dQ/SPjzchZSZ3XvDzgi2iSFVqpnU7kKRc9t3ekKGhphN8\ncjOJH9hTOjnz3HCNcSlNvy1PKwDWhyZU03DpXZMXJ/+aLOmwnl/ss/5nsJ3BxPTg\nqsKFXOtkF7UqFp2736MicnB83Wc7a4Fat14J3kF1xbjPb8qYROHkFFbgniXc2GKE\nm+U+GMLjDwjM3Fr3szpTeNgIk3T6O2L/V+zh0I0K74mqssLmrqXkRt2R9VC6+t1G\nNyJRUbMMUbdLVxavx1ALiJtU6xuTdWM2UwYsPXxYN7wpvn6FcARxms62OtTW2eEc\n4tzVLHaxKcamDEwQQL0AAAADAQABAAACAAYDzK6bDUKDCFrJ2qbO/1K5clBbDrUM\n+ICJ9RLfT7sFyKsZ9G1qouc6CL1bQOBJuU9NtU4Rr8DpAus+qW4+RCQOt0Bio+lu\n47fQGcFKY2tTRu7k0hrKqp9fXd8HkSa1/7X49yixRvhpWauy2d14gAWwo5F9YDC9\nN8LE0wp0LtBwTVuWYWvMTu0GBjWBjbBh0GdLhCLtlZ6PblyLehkS0UMuZcJMlYSR\nJc4EA9IgOnjx0NIRvs3pkF4XC9xg1Cdh0sJLfXByDqOlPIdiwathDdBxL7HK+g38\n4PoR9johQzLAISnM8meV/zQckROzdA0noaGSHU2cshzc6DFWzJ/fgiD4bK5lLqwt\n/I26oSi+2zJqgFu0W1DmJQjjDnzT43Y6wNXOL3+FGl/dr7aiBfnE1r8Mw6ZOTnf/\nKwuKzrxuSRgnEZUDHxUVOOp8ltD22swtn4EevajLG6GdWBGdpgsakSjUDgBkk/F6\n539uldeDlMUiSUWv5VXfOewkqFDncckqwvgv2yvaWeWESkofPuMfDSx7O5LVkQPT\ngh5igIajDxsnJC1XKsNolWOH8Gew+Fk5Pk6ftL0ERm+uRZkzJy+ZEPW4UI/1dum3\nGbqAlbiUhlFXE0x7Io5ie+ocRWuZi4TZHO3PRz7FWWSy9ojjLP0vS3EmbLOwJMEL\nrH+3sUM0AjiBAAABAQDRHkzUJbkppGclAjZCoR6o7XvYRozE+z74Q/5Yn9BzXPql\niAssYK2qrfeyaTXZ8NE4wADbEOgY59U+6xXzO3WNb0ALZlaOj4HZIVjVefj3OrMJ\nnfYil1k9SfKG5TE8MpFEwY76eL9b9ew3ZflxYn5cvVxlm2rG2gQmjeqaB5d3lFjO\nzBlM0DSL0SHfSyvoRU9kpkzxK57MEgysPqn674YdKYT66moA/VqXchE4B9ZLFUxR\nybDdGAG1Qg8GQNWeUVgmX/17z2WrJ9tfZu5ie5KH3Rncshc/3qmL3tdCLB6hS/Mr\n7zIfVDzRWdb48X5DEDJARdpK2W+SHxx6LboVfE7SAAABAQDloDd+KYA526O2qKLo\nsaz20iECkt/5xYaayf64ooYCB8bqG2zfYIsUGTWPi9/6pJMi8aWTsH84divf48e3\n/QjSxwCAmoSmVYyg+sIs0byk6OyuXrc8CjxBKlfLx7oPC2Bv+oMhUoPTOyEryjpP\ndZOItw3CuImquKyyz5hxWXmNpPjILFIvFWDGhPOdJOSO4XU5AwXS4mD1jDYEB9Ne\noZCAgk3U8Nr8LebLt9wPEBHD1qlttNxg47fWHzZuEar3hHspPfHGunso0zAR5HSV\n0ydg8ejQAsQs/Nvjslak3+36ZzVoi25haR1h+cPMj8dHDX+64M9Zw6/JtCWotrAK\nvm2BAAABAQDhsBmqvZAND7A7lKMCLjnvzKEom+x5z0somaNZtDHQSneOb+aEe50B\ni9sbsZqffjCNIGZqCjduuNeMm7vYmyFbZIUQrJp7PUc7Q1EJwIbxcXpsHQ2nBU5v\np0ARaIyc8Swf0qvw9IZbDAdi6saXRHYZgvZbAVNd4ZVZ54BfmXhy+/YlJOmLHF0h\niwysDzlqxScYA4hySJqDwfEo71luvzdNBGjrvlh85no2l+RVcxAvYhuT6NvN2pwB\nhsCaC76QwBMkCdAFAHs76Kjq86HBlxA4o0vLlDY+Hp+FbXTGpNXIxBcapyXNOPny\nI7hqH9SjXQe8nrpMe+r8hTKhmi7lZqk9AAAAAAEC\n-----END OPENSSH PRIVATE KEY-----\n",
            "private_key_pem": "-----BEGIN RSA PRIVATE KEY-----\nMIIJKQIBAAKCAgEAym/F8dUO5aV3lDlgrs45WVWwXtY8B3OIsc3s+wWiPexOE5rW\n7rAC39Cq09vghNxrBKL32kSJdkHG6TvfpYKyPya5lGExij6qA5dtM8i+2mSsHQWe\nupaE2l2z3eBGPXsTfH1v7rQhvwgQLUsb8j5yNFhhTYaMOaLryP34WIHLKoMcraJU\nn2830ZXe38rIBO4w2sBT70RWIVVpI0+GEhDOZ1q80Ch3yWWj7bPLCYFHPsfdilhl\nL1gFeeRR1B1jHw5hoU94US5BPAgK3LSkvx4IadTUtiuxYLfrFwgXacwMOmomDPbK\nmH1CxFECPL3wG02zta/8SHA8rhDE+Hjx/Q83tqbk4mnS1RJlUz9MJTeLol3dQ/SP\njzchZSZ3XvDzgi2iSFVqpnU7kKRc9t3ekKGhphN8cjOJH9hTOjnz3HCNcSlNvy1P\nKwDWhyZU03DpXZMXJ/+aLOmwnl/ss/5nsJ3BxPTgqsKFXOtkF7UqFp2736MicnB8\n3Wc7a4Fat14J3kF1xbjPb8qYROHkFFbgniXc2GKEm+U+GMLjDwjM3Fr3szpTeNgI\nk3T6O2L/V+zh0I0K74mqssLmrqXkRt2R9VC6+t1GNyJRUbMMUbdLVxavx1ALiJtU\n6xuTdWM2UwYsPXxYN7wpvn6FcARxms62OtTW2eEc4tzVLHaxKcamDEwQQL0CAwEA\nAQKCAgAGA8yumw1Cgwhaydqmzv9SuXJQWw61DPiAifUS30+7BcirGfRtaqLnOgi9\nW0DgSblPTbVOEa/A6QLrPqluPkQkDrdAYqPpbuO30BnBSmNrU0bu5NIayqqfX13f\nB5Emtf+1+PcosUb4aVmrstndeIAFsKORfWAwvTfCxNMKdC7QcE1blmFrzE7tBgY1\ngY2wYdBnS4Qi7ZWej25ci3oZEtFDLmXCTJWEkSXOBAPSIDp48dDSEb7N6ZBeFwvc\nYNQnYdLCS31wcg6jpTyHYsGrYQ3QcS+xyvoN/OD6EfY6IUMywCEpzPJnlf80HJET\ns3QNJ6Ghkh1NnLIc3OgxVsyf34Ig+GyuZS6sLfyNuqEovtsyaoBbtFtQ5iUI4w58\n0+N2OsDVzi9/hRpf3a+2ogX5xNa/DMOmTk53/ysLis68bkkYJxGVAx8VFTjqfJbQ\n9trMLZ+BHr2oyxuhnVgRnaYLGpEo1A4AZJPxeud/bpXXg5TFIklFr+VV3znsJKhQ\n53HJKsL4L9sr2lnlhEpKHz7jHw0sezuS1ZED04IeYoCGow8bJyQtVyrDaJVjh/Bn\nsPhZOT5On7S9BEZvrkWZMycvmRD1uFCP9Xbptxm6gJW4lIZRVxNMeyKOYnvqHEVr\nmYuE2Rztz0c+xVlksvaI4yz9L0txJmyzsCTBC6x/t7FDNAI4gQKCAQEA5aA3fimA\nOdujtqii6LGs9tIhApLf+cWGmsn+uKKGAgfG6hts32CLFBk1j4vf+qSTIvGlk7B/\nOHYr3+PHt/0I0scAgJqEplWMoPrCLNG8pOjsrl63PAo8QSpXy8e6Dwtgb/qDIVKD\n0zshK8o6T3WTiLcNwriJqrisss+YcVl5jaT4yCxSLxVgxoTznSTkjuF1OQMF0uJg\n9Yw2BAfTXqGQgIJN1PDa/C3my7fcDxARw9apbbTcYOO31h82bhGq94R7KT3xxrp7\nKNMwEeR0ldMnYPHo0ALELPzb47JWpN/t+mc1aItuYWkdYfnDzI/HRw1/uuDPWcOv\nybQlqLawCr5tgQKCAQEA4bAZqr2QDQ+wO5SjAi4578yhKJvsec9LKJmjWbQx0Ep3\njm/mhHudAYvbG7Gan34wjSBmago3brjXjJu72JshW2SFEKyaez1HO0NRCcCG8XF6\nbB0NpwVOb6dAEWiMnPEsH9Kr8PSGWwwHYurGl0R2GYL2WwFTXeGVWeeAX5l4cvv2\nJSTpixxdIYsMrA85asUnGAOIckiag8HxKO9Zbr83TQRo675YfOZ6NpfkVXMQL2Ib\nk+jbzdqcAYbAmgu+kMATJAnQBQB7O+io6vOhwZcQOKNLy5Q2Ph6fhW10xqTVyMQX\nGqclzTj58iO4ah/Uo10HvJ66THvq/IUyoZou5WapPQKCAQBGNx/A7F/RUWBWUmq+\nTNZfAxIk/1SNw+DNJEdHnirsJASnQYuhIpxkoPDH3DW5Jun3HX1MFARS94+i/rvr\nfuxbx45XxOgbFL3T29nUaq4Mn00AZOYS7e5O3uvJ3GEAiLIMi8XdQqYcyU/zW/tI\noONkQtVqXZN7KM1mQCSVRI7uyStpymO3Egptqen0e3uIVVjK/imhuqd7bkx2Hw57\nOVw+b5ntK1lLE54nXSllUbyc7d8RNOTOm9NzHkg+kBh/Z3thuRdddViDu1BPqFQe\nHFtGQbK3KKFkQE3c6oOkFvVmRHkIZtpx3vqlIwLEYpLFH1OXiXbeNABk5Tk+xd4+\n6swBAoIBAQCeVUeMi7U2FJ2VDzBVZUzsOWmO7eU3iAC4mSEK2+pesP+zhDn7FCYQ\nYaf0g+Nwpb02JVb0afp9yVwfn1poGl2Kmrjn+8/dSh5hK1b9On7xgKVcl/1uAcEH\ngBTooaqUqHZGVSyfvU1NLuE3unJcyYD5YPGo4wMzyAFZs5pSd38TXEVRxdW67MlB\nsSXQyFWF3I8Sv9fIJbuRWEzyZQkfMzN+6usZCM9XwPJYvrNIZ5MhSvkCCcm7X/U2\n9OzGphqpvrcu/1tbRv0uCIoJW6dOA8czlQyl5HMxnZZYq3PTsOzzDu8OmdlhYumn\nwPuuKGqruaal483bvswbIO9mhJ8F/cIZAoIBAQDRHkzUJbkppGclAjZCoR6o7XvY\nRozE+z74Q/5Yn9BzXPqliAssYK2qrfeyaTXZ8NE4wADbEOgY59U+6xXzO3WNb0AL\nZlaOj4HZIVjVefj3OrMJnfYil1k9SfKG5TE8MpFEwY76eL9b9ew3ZflxYn5cvVxl\nm2rG2gQmjeqaB5d3lFjOzBlM0DSL0SHfSyvoRU9kpkzxK57MEgysPqn674YdKYT6\n6moA/VqXchE4B9ZLFUxRybDdGAG1Qg8GQNWeUVgmX/17z2WrJ9tfZu5ie5KH3Rnc\nshc/3qmL3tdCLB6hS/Mr7zIfVDzRWdb48X5DEDJARdpK2W+SHxx6LboVfE7S\n-----END RSA PRIVATE KEY-----\n",
            "private_key_pem_pkcs8": "-----BEGIN PRIVATE KEY-----\nMIIJQwIBADANBgkqhkiG9w0BAQEFAASCCS0wggkpAgEAAoICAQDKb8Xx1Q7lpXeU\nOWCuzjlZVbBe1jwHc4ixzez7BaI97E4TmtbusALf0KrT2+CE3GsEovfaRIl2Qcbp\nO9+lgrI/JrmUYTGKPqoDl20zyL7aZKwdBZ66loTaXbPd4EY9exN8fW/utCG/CBAt\nSxvyPnI0WGFNhow5ouvI/fhYgcsqgxytolSfbzfRld7fysgE7jDawFPvRFYhVWkj\nT4YSEM5nWrzQKHfJZaPts8sJgUc+x92KWGUvWAV55FHUHWMfDmGhT3hRLkE8CArc\ntKS/Hghp1NS2K7Fgt+sXCBdpzAw6aiYM9sqYfULEUQI8vfAbTbO1r/xIcDyuEMT4\nePH9Dze2puTiadLVEmVTP0wlN4uiXd1D9I+PNyFlJnde8POCLaJIVWqmdTuQpFz2\n3d6QoaGmE3xyM4kf2FM6OfPccI1xKU2/LU8rANaHJlTTcOldkxcn/5os6bCeX+yz\n/mewncHE9OCqwoVc62QXtSoWnbvfoyJycHzdZztrgVq3XgneQXXFuM9vyphE4eQU\nVuCeJdzYYoSb5T4YwuMPCMzcWvezOlN42AiTdPo7Yv9X7OHQjQrviaqywuaupeRG\n3ZH1ULr63UY3IlFRswxRt0tXFq/HUAuIm1TrG5N1YzZTBiw9fFg3vCm+foVwBHGa\nzrY61NbZ4Rzi3NUsdrEpxqYMTBBAvQIDAQABAoICAAYDzK6bDUKDCFrJ2qbO/1K5\nclBbDrUM+ICJ9RLfT7sFyKsZ9G1qouc6CL1bQOBJuU9NtU4Rr8DpAus+qW4+RCQO\nt0Bio+lu47fQGcFKY2tTRu7k0hrKqp9fXd8HkSa1/7X49yixRvhpWauy2d14gAWw\no5F9YDC9N8LE0wp0LtBwTVuWYWvMTu0GBjWBjbBh0GdLhCLtlZ6PblyLehkS0UMu\nZcJMlYSRJc4EA9IgOnjx0NIRvs3pkF4XC9xg1Cdh0sJLfXByDqOlPIdiwathDdBx\nL7HK+g384PoR9johQzLAISnM8meV/zQckROzdA0noaGSHU2cshzc6DFWzJ/fgiD4\nbK5lLqwt/I26oSi+2zJqgFu0W1DmJQjjDnzT43Y6wNXOL3+FGl/dr7aiBfnE1r8M\nw6ZOTnf/KwuKzrxuSRgnEZUDHxUVOOp8ltD22swtn4EevajLG6GdWBGdpgsakSjU\nDgBkk/F6539uldeDlMUiSUWv5VXfOewkqFDncckqwvgv2yvaWeWESkofPuMfDSx7\nO5LVkQPTgh5igIajDxsnJC1XKsNolWOH8Gew+Fk5Pk6ftL0ERm+uRZkzJy+ZEPW4\nUI/1dum3GbqAlbiUhlFXE0x7Io5ie+ocRWuZi4TZHO3PRz7FWWSy9ojjLP0vS3Em\nbLOwJMELrH+3sUM0AjiBAoIBAQDloDd+KYA526O2qKLosaz20iECkt/5xYaayf64\nooYCB8bqG2zfYIsUGTWPi9/6pJMi8aWTsH84divf48e3/QjSxwCAmoSmVYyg+sIs\n0byk6OyuXrc8CjxBKlfLx7oPC2Bv+oMhUoPTOyEryjpPdZOItw3CuImquKyyz5hx\nWXmNpPjILFIvFWDGhPOdJOSO4XU5AwXS4mD1jDYEB9NeoZCAgk3U8Nr8LebLt9wP\nEBHD1qlttNxg47fWHzZuEar3hHspPfHGunso0zAR5HSV0ydg8ejQAsQs/Nvjslak\n3+36ZzVoi25haR1h+cPMj8dHDX+64M9Zw6/JtCWotrAKvm2BAoIBAQDhsBmqvZAN\nD7A7lKMCLjnvzKEom+x5z0somaNZtDHQSneOb+aEe50Bi9sbsZqffjCNIGZqCjdu\nuNeMm7vYmyFbZIUQrJp7PUc7Q1EJwIbxcXpsHQ2nBU5vp0ARaIyc8Swf0qvw9IZb\nDAdi6saXRHYZgvZbAVNd4ZVZ54BfmXhy+/YlJOmLHF0hiwysDzlqxScYA4hySJqD\nwfEo71luvzdNBGjrvlh85no2l+RVcxAvYhuT6NvN2pwBhsCaC76QwBMkCdAFAHs7\n6Kjq86HBlxA4o0vLlDY+Hp+FbXTGpNXIxBcapyXNOPnyI7hqH9SjXQe8nrpMe+r8\nhTKhmi7lZqk9AoIBAEY3H8DsX9FRYFZSar5M1l8DEiT/VI3D4M0kR0eeKuwkBKdB\ni6EinGSg8MfcNbkm6fcdfUwUBFL3j6L+u+t+7FvHjlfE6BsUvdPb2dRqrgyfTQBk\n5hLt7k7e68ncYQCIsgyLxd1CphzJT/Nb+0ig42RC1Wpdk3sozWZAJJVEju7JK2nK\nY7cSCm2p6fR7e4hVWMr+KaG6p3tuTHYfDns5XD5vme0rWUsTniddKWVRvJzt3xE0\n5M6b03MeSD6QGH9ne2G5F111WIO7UE+oVB4cW0ZBsrcooWRATdzqg6QW9WZEeQhm\n2nHe+qUjAsRiksUfU5eJdt40AGTlOT7F3j7qzAECggEBAJ5VR4yLtTYUnZUPMFVl\nTOw5aY7t5TeIALiZIQrb6l6w/7OEOfsUJhBhp/SD43ClvTYlVvRp+n3JXB+fWmga\nXYqauOf7z91KHmErVv06fvGApVyX/W4BwQeAFOihqpSodkZVLJ+9TU0u4Te6clzJ\ngPlg8ajjAzPIAVmzmlJ3fxNcRVHF1brsyUGxJdDIVYXcjxK/18glu5FYTPJlCR8z\nM37q6xkIz1fA8li+s0hnkyFK+QIJybtf9Tb07MamGqm+ty7/W1tG/S4Iiglbp04D\nxzOVDKXkczGdllirc9Ow7PMO7w6Z2WFi6afA+64oaqu5pqXjzdu+zBsg72aEnwX9\nwhkCggEBANEeTNQluSmkZyUCNkKhHqjte9hGjMT7PvhD/lif0HNc+qWICyxgraqt\n97JpNdnw0TjAANsQ6Bjn1T7rFfM7dY1vQAtmVo6PgdkhWNV5+Pc6swmd9iKXWT1J\n8oblMTwykUTBjvp4v1v17Ddl+XFifly9XGWbasbaBCaN6poHl3eUWM7MGUzQNIvR\nId9LK+hFT2SmTPErnswSDKw+qfrvhh0phPrqagD9WpdyETgH1ksVTFHJsN0YAbVC\nDwZA1Z5RWCZf/XvPZasn219m7mJ7kofdGdyyFz/eqYve10IsHqFL8yvvMh9UPNFZ\n1vjxfkMQMkBF2krZb5IfHHotuhV8TtI=\n-----END PRIVATE KEY-----\n",
            "public_key_fingerprint_md5": "43:27:16:66:92:90:aa:52:63:b3:9e:1b:40:05:ea:b1",
            "public_key_fingerprint_sha256": "SHA256:kZJkK9d/lyUgfHazvxqM5Sn+s5aoDpeUji96QhKAYSQ",
            "public_key_openssh": "ssh-rsa AAAAB3NzaC1yc2EAAAADAQABAAACAQDKb8Xx1Q7lpXeUOWCuzjlZVbBe1jwHc4ixzez7BaI97E4TmtbusALf0KrT2+CE3GsEovfaRIl2QcbpO9+lgrI/JrmUYTGKPqoDl20zyL7aZKwdBZ66loTaXbPd4EY9exN8fW/utCG/CBAtSxvyPnI0WGFNhow5ouvI/fhYgcsqgxytolSfbzfRld7fysgE7jDawFPvRFYhVWkjT4YSEM5nWrzQKHfJZaPts8sJgUc+x92KWGUvWAV55FHUHWMfDmGhT3hRLkE8CArctKS/Hghp1NS2K7Fgt+sXCBdpzAw6aiYM9sqYfULEUQI8vfAbTbO1r/xIcDyuEMT4ePH9Dze2puTiadLVEmVTP0wlN4uiXd1D9I+PNyFlJnde8POCLaJIVWqmdTuQpFz23d6QoaGmE3xyM4kf2FM6OfPccI1xKU2/LU8rANaHJlTTcOldkxcn/5os6bCeX+yz/mewncHE9OCqwoVc62QXtSoWnbvfoyJycHzdZztrgVq3XgneQXXFuM9vyphE4eQUVuCeJdzYYoSb5T4YwuMPCMzcWvezOlN42AiTdPo7Yv9X7OHQjQrviaqywuaupeRG3ZH1ULr63UY3IlFRswxRt0tXFq/HUAuIm1TrG5N1YzZTBiw9fFg3vCm+foVwBHGazrY61NbZ4Rzi3NUsdrEpxqYMTBBAvQ==\n",
            "public_key_pem": "-----BEGIN PUBLIC KEY-----\nMIICIjANBgkqhkiG9w0BAQEFAAOCAg8AMIICCgKCAgEAym/F8dUO5aV3lDlgrs45\nWVWwXtY8B3OIsc3s+wWiPexOE5rW7rAC39Cq09vghNxrBKL32kSJdkHG6TvfpYKy\nPya5lGExij6qA5dtM8i+2mSsHQWeupaE2l2z3eBGPXsTfH1v7rQhvwgQLUsb8j5y\nNFhhTYaMOaLryP34WIHLKoMcraJUn2830ZXe38rIBO4w2sBT70RWIVVpI0+GEhDO\nZ1q80Ch3yWWj7bPLCYFHPsfdilhlL1gFeeRR1B1jHw5hoU94US5BPAgK3LSkvx4I\nadTUtiuxYLfrFwgXacwMOmomDPbKmH1CxFECPL3wG02zta/8SHA8rhDE+Hjx/Q83\ntqbk4mnS1RJlUz9MJTeLol3dQ/SPjzchZSZ3XvDzgi2iSFVqpnU7kKRc9t3ekKGh\nphN8cjOJH9hTOjnz3HCNcSlNvy1PKwDWhyZU03DpXZMXJ/+aLOmwnl/ss/5nsJ3B\nxPTgqsKFXOtkF7UqFp2736MicnB83Wc7a4Fat14J3kF1xbjPb8qYROHkFFbgniXc\n2GKEm+U+GMLjDwjM3Fr3szpTeNgIk3T6O2L/V+zh0I0K74mqssLmrqXkRt2R9VC6\n+t1GNyJRUbMMUbdLVxavx1ALiJtU6xuTdWM2UwYsPXxYN7wpvn6FcARxms62OtTW\n2eEc4tzVLHaxKcamDEwQQL0CAwEAAQ==\n-----END PUBLIC KEY-----\n",
            "rsa_bits": 4096
          },
          "sensitive_attributes": [
            [
              {
                "type": "get_attr",
                "value": "private_key_openssh"
              }
            ],
            [
              {
                "type": "get_attr",
                "value": "private_key_pem"
              }
            ],
            [
              {
                "type": "get_attr",
                "value": "private_key_pem_pkcs8"
              }
            ]
          ],
          "identity_schema_version": 0
        }
      ]
    }
  ],
  "check_results": null
}
